{
  "version": 4,
  "terraform_version": "1.14.5",
  "serial": 117,
  "lineage": "f455e7b1-5726-4c0a-7754-183fcf2482a9",
  "outputs": {},
  "resources": [
    {
      "module": "module.folder_hierarchy",
      "mode": "managed",
      "type": "google_folder",
      "name": "folder_l1",
      "provider": "provider[\"registry.terraform.io/hashicorp/google\"]",
      "instances": [
        {
          "index_key": "spgi-root",
          "schema_version": 0,
          "attributes": {
            "create_time": "2022-11-22T09:48:20.837Z",
            "display_name": "spgi-root",
            "folder_id": "289458319251",
            "id": "folders/289458319251",
            "lifecycle_state": "ACTIVE",
            "name": "folders/289458319251",
            "parent": "organizations/292095750786",
            "timeouts": null
          },
          "sensitive_attributes": [],
          "identity_schema_version": 0,
          "private": "eyJlMmJmYjczMC1lY2FhLTExZTYtOGY4OC0zNDM2M2JjN2M0YzAiOnsiY3JlYXRlIjoyNDAwMDAwMDAwMDAsImRlbGV0ZSI6MjQwMDAwMDAwMDAwLCJyZWFkIjoyNDAwMDAwMDAwMDAsInVwZGF0ZSI6MjQwMDAwMDAwMDAwfX0="
        }
      ]
    },
    {
      "module": "module.folder_hierarchy",
      "mode": "managed",
      "type": "google_folder",
      "name": "folder_l2",
      "provider": "provider[\"registry.terraform.io/hashicorp/google\"]",
      "instances": [
        {
          "index_key": "spgi-root/spgi-business-units",
          "schema_version": 0,
          "attributes": {
            "create_time": "2022-11-21T11:45:00.658Z",
            "display_name": "spgi-business-units",
            "folder_id": "669737209768",
            "id": "folders/669737209768",
            "lifecycle_state": "ACTIVE",
            "name": "folders/669737209768",
            "parent": "folders/289458319251",
            "timeouts": null
          },
          "sensitive_attributes": [],
          "identity_schema_version": 0,
          "private": "eyJlMmJmYjczMC1lY2FhLTExZTYtOGY4OC0zNDM2M2JjN2M0YzAiOnsiY3JlYXRlIjoyNDAwMDAwMDAwMDAsImRlbGV0ZSI6MjQwMDAwMDAwMDAwLCJyZWFkIjoyNDAwMDAwMDAwMDAsInVwZGF0ZSI6MjQwMDAwMDAwMDAwfX0="
        },
        {
          "index_key": "spgi-root/spgi-ess",
          "schema_version": 0,
          "attributes": {
            "create_time": "2022-11-21T11:45:00.356Z",
            "display_name": "spgi-ess",
            "folder_id": "751786122415",
            "id": "folders/751786122415",
            "lifecycle_state": "ACTIVE",
            "name": "folders/751786122415",
            "parent": "folders/289458319251",
            "timeouts": {
              "create": null,
              "delete": null,
              "read": null,
              "update": null
            }
          },
          "sensitive_attributes": [],
          "identity_schema_version": 0,
          "private": "eyJlMmJmYjczMC1lY2FhLTExZTYtOGY4OC0zNDM2M2JjN2M0YzAiOnsiY3JlYXRlIjoyNDAwMDAwMDAwMDAsImRlbGV0ZSI6MjQwMDAwMDAwMDAwLCJyZWFkIjoyNDAwMDAwMDAwMDAsInVwZGF0ZSI6MjQwMDAwMDAwMDAwfSwic2NoZW1hX3ZlcnNpb24iOiIwIn0="
        }
      ]
    },
    {
      "module": "module.folder_hierarchy",
      "mode": "managed",
      "type": "google_folder",
      "name": "folder_l3",
      "provider": "provider[\"registry.terraform.io/hashicorp/google\"]",
      "instances": [
        {
          "index_key": "spgi-root/spgi-business-units/nonprod",
          "schema_version": 0,
          "attributes": {
            "create_time": "2022-11-21T11:45:14.569Z",
            "display_name": "nonprod",
            "folder_id": "234779227130",
            "id": "folders/234779227130",
            "lifecycle_state": "ACTIVE",
            "name": "folders/234779227130",
            "parent": "folders/669737209768",
            "timeouts": null
          },
          "sensitive_attributes": [],
          "identity_schema_version": 0,
          "private": "eyJlMmJmYjczMC1lY2FhLTExZTYtOGY4OC0zNDM2M2JjN2M0YzAiOnsiY3JlYXRlIjoyNDAwMDAwMDAwMDAsImRlbGV0ZSI6MjQwMDAwMDAwMDAwLCJyZWFkIjoyNDAwMDAwMDAwMDAsInVwZGF0ZSI6MjQwMDAwMDAwMDAwfX0="
        },
        {
          "index_key": "spgi-root/spgi-business-units/poc",
          "schema_version": 0,
          "attributes": {
            "create_time": "2022-11-21T11:45:15.838Z",
            "display_name": "poc",
            "folder_id": "40260066877",
            "id": "folders/40260066877",
            "lifecycle_state": "ACTIVE",
            "name": "folders/40260066877",
            "parent": "folders/669737209768",
            "timeouts": null
          },
          "sensitive_attributes": [],
          "identity_schema_version": 0,
          "private": "eyJlMmJmYjczMC1lY2FhLTExZTYtOGY4OC0zNDM2M2JjN2M0YzAiOnsiY3JlYXRlIjoyNDAwMDAwMDAwMDAsImRlbGV0ZSI6MjQwMDAwMDAwMDAwLCJyZWFkIjoyNDAwMDAwMDAwMDAsInVwZGF0ZSI6MjQwMDAwMDAwMDAwfX0="
        },
        {
          "index_key": "spgi-root/spgi-business-units/prod",
          "schema_version": 0,
          "attributes": {
            "create_time": "2022-11-21T11:45:13.720Z",
            "display_name": "prod",
            "folder_id": "383506668477",
            "id": "folders/383506668477",
            "lifecycle_state": "ACTIVE",
            "name": "folders/383506668477",
            "parent": "folders/669737209768",
            "timeouts": null
          },
          "sensitive_attributes": [],
          "identity_schema_version": 0,
          "private": "eyJlMmJmYjczMC1lY2FhLTExZTYtOGY4OC0zNDM2M2JjN2M0YzAiOnsiY3JlYXRlIjoyNDAwMDAwMDAwMDAsImRlbGV0ZSI6MjQwMDAwMDAwMDAwLCJyZWFkIjoyNDAwMDAwMDAwMDAsInVwZGF0ZSI6MjQwMDAwMDAwMDAwfX0="
        },
        {
          "index_key": "spgi-root/spgi-ess/nonprod",
          "schema_version": 0,
          "attributes": {
            "create_time": "2023-03-02T10:09:16.498Z",
            "display_name": "nonprod",
            "folder_id": "506239018180",
            "id": "folders/506239018180",
            "lifecycle_state": "ACTIVE",
            "name": "folders/506239018180",
            "parent": "folders/751786122415",
            "timeouts": null
          },
          "sensitive_attributes": [],
          "identity_schema_version": 0,
          "private": "eyJlMmJmYjczMC1lY2FhLTExZTYtOGY4OC0zNDM2M2JjN2M0YzAiOnsiY3JlYXRlIjoyNDAwMDAwMDAwMDAsImRlbGV0ZSI6MjQwMDAwMDAwMDAwLCJyZWFkIjoyNDAwMDAwMDAwMDAsInVwZGF0ZSI6MjQwMDAwMDAwMDAwfX0="
        },
        {
          "index_key": "spgi-root/spgi-ess/prod",
          "schema_version": 0,
          "attributes": {
            "create_time": "2022-11-22T13:49:24.711Z",
            "display_name": "prod",
            "folder_id": "107677334636",
            "id": "folders/107677334636",
            "lifecycle_state": "ACTIVE",
            "name": "folders/107677334636",
            "parent": "folders/751786122415",
            "timeouts": {
              "create": null,
              "delete": null,
              "read": null,
              "update": null
            }
          },
          "sensitive_attributes": [],
          "identity_schema_version": 0,
          "private": "eyJlMmJmYjczMC1lY2FhLTExZTYtOGY4OC0zNDM2M2JjN2M0YzAiOnsiY3JlYXRlIjoyNDAwMDAwMDAwMDAsImRlbGV0ZSI6MjQwMDAwMDAwMDAwLCJyZWFkIjoyNDAwMDAwMDAwMDAsInVwZGF0ZSI6MjQwMDAwMDAwMDAwfSwic2NoZW1hX3ZlcnNpb24iOiIwIn0="
        }
      ]
    },
    {
      "module": "module.folder_hierarchy",
      "mode": "managed",
      "type": "google_folder",
      "name": "folder_l4",
      "provider": "provider[\"registry.terraform.io/hashicorp/google\"]",
      "instances": [
        {
          "index_key": "spgi-root/spgi-business-units/nonprod/spgi-ci",
          "schema_version": 0,
          "attributes": {
            "create_time": "2022-12-22T01:02:42.977Z",
            "display_name": "spgi-ci",
            "folder_id": "707274128841",
            "id": "folders/707274128841",
            "lifecycle_state": "ACTIVE",
            "name": "folders/707274128841",
            "parent": "folders/234779227130",
            "timeouts": null
          },
          "sensitive_attributes": [],
          "identity_schema_version": 0,
          "private": "eyJlMmJmYjczMC1lY2FhLTExZTYtOGY4OC0zNDM2M2JjN2M0YzAiOnsiY3JlYXRlIjoyNDAwMDAwMDAwMDAsImRlbGV0ZSI6MjQwMDAwMDAwMDAwLCJyZWFkIjoyNDAwMDAwMDAwMDAsInVwZGF0ZSI6MjQwMDAwMDAwMDAwfX0="
        },
        {
          "index_key": "spgi-root/spgi-business-units/nonprod/spgi-corp",
          "schema_version": 0,
          "attributes": {
            "create_time": "2022-12-22T01:02:42.551Z",
            "display_name": "spgi-corp",
            "folder_id": "5805672426",
            "id": "folders/5805672426",
            "lifecycle_state": "ACTIVE",
            "name": "folders/5805672426",
            "parent": "folders/234779227130",
            "timeouts": null
          },
          "sensitive_attributes": [],
          "identity_schema_version": 0,
          "private": "eyJlMmJmYjczMC1lY2FhLTExZTYtOGY4OC0zNDM2M2JjN2M0YzAiOnsiY3JlYXRlIjoyNDAwMDAwMDAwMDAsImRlbGV0ZSI6MjQwMDAwMDAwMDAwLCJyZWFkIjoyNDAwMDAwMDAwMDAsInVwZGF0ZSI6MjQwMDAwMDAwMDAwfX0="
        },
        {
          "index_key": "spgi-root/spgi-business-units/nonprod/spgi-edo",
          "schema_version": 0,
          "attributes": {
            "create_time": "2025-08-22T15:00:03.069Z",
            "display_name": "spgi-edo",
            "folder_id": "694569146097",
            "id": "folders/694569146097",
            "lifecycle_state": "ACTIVE",
            "name": "folders/694569146097",
            "parent": "folders/234779227130",
            "timeouts": null
          },
          "sensitive_attributes": [],
          "identity_schema_version": 0,
          "private": "eyJlMmJmYjczMC1lY2FhLTExZTYtOGY4OC0zNDM2M2JjN2M0YzAiOnsiY3JlYXRlIjoyNDAwMDAwMDAwMDAsImRlbGV0ZSI6MjQwMDAwMDAwMDAwLCJyZWFkIjoyNDAwMDAwMDAwMDAsInVwZGF0ZSI6MjQwMDAwMDAwMDAwfX0="
        },
        {
          "index_key": "spgi-root/spgi-business-units/nonprod/spgi-kensho",
          "schema_version": 0,
          "attributes": {
            "create_time": "2024-04-22T10:20:57.386Z",
            "display_name": "spgi-kensho",
            "folder_id": "646131917715",
            "id": "folders/646131917715",
            "lifecycle_state": "ACTIVE",
            "name": "folders/646131917715",
            "parent": "folders/234779227130",
            "timeouts": null
          },
          "sensitive_attributes": [],
          "identity_schema_version": 0,
          "private": "eyJlMmJmYjczMC1lY2FhLTExZTYtOGY4OC0zNDM2M2JjN2M0YzAiOnsiY3JlYXRlIjoyNDAwMDAwMDAwMDAsImRlbGV0ZSI6MjQwMDAwMDAwMDAwLCJyZWFkIjoyNDAwMDAwMDAwMDAsInVwZGF0ZSI6MjQwMDAwMDAwMDAwfX0="
        },
        {
          "index_key": "spgi-root/spgi-business-units/nonprod/spgi-mi",
          "schema_version": 0,
          "attributes": {
            "create_time": "2022-12-22T01:02:44.183Z",
            "display_name": "spgi-mi",
            "folder_id": "847567167163",
            "id": "folders/847567167163",
            "lifecycle_state": "ACTIVE",
            "name": "folders/847567167163",
            "parent": "folders/234779227130",
            "timeouts": null
          },
          "sensitive_attributes": [],
          "identity_schema_version": 0,
          "private": "eyJlMmJmYjczMC1lY2FhLTExZTYtOGY4OC0zNDM2M2JjN2M0YzAiOnsiY3JlYXRlIjoyNDAwMDAwMDAwMDAsImRlbGV0ZSI6MjQwMDAwMDAwMDAwLCJyZWFkIjoyNDAwMDAwMDAwMDAsInVwZGF0ZSI6MjQwMDAwMDAwMDAwfX0="
        },
        {
          "index_key": "spgi-root/spgi-business-units/nonprod/spgi-mob",
          "schema_version": 0,
          "attributes": {
            "create_time": "2024-08-21T09:39:13.035Z",
            "display_name": "spgi-mob",
            "folder_id": "811880285898",
            "id": "folders/811880285898",
            "lifecycle_state": "ACTIVE",
            "name": "folders/811880285898",
            "parent": "folders/234779227130",
            "timeouts": null
          },
          "sensitive_attributes": [],
          "identity_schema_version": 0,
          "private": "eyJlMmJmYjczMC1lY2FhLTExZTYtOGY4OC0zNDM2M2JjN2M0YzAiOnsiY3JlYXRlIjoyNDAwMDAwMDAwMDAsImRlbGV0ZSI6MjQwMDAwMDAwMDAwLCJyZWFkIjoyNDAwMDAwMDAwMDAsInVwZGF0ZSI6MjQwMDAwMDAwMDAwfX0="
        },
        {
          "index_key": "spgi-root/spgi-business-units/nonprod/spgi-ratings",
          "schema_version": 0,
          "attributes": {
            "create_time": "2024-11-12T12:47:43.977Z",
            "display_name": "spgi-ratings",
            "folder_id": "156329914911",
            "id": "folders/156329914911",
            "lifecycle_state": "ACTIVE",
            "name": "folders/156329914911",
            "parent": "folders/234779227130",
            "timeouts": null
          },
          "sensitive_attributes": [],
          "identity_schema_version": 0,
          "private": "eyJlMmJmYjczMC1lY2FhLTExZTYtOGY4OC0zNDM2M2JjN2M0YzAiOnsiY3JlYXRlIjoyNDAwMDAwMDAwMDAsImRlbGV0ZSI6MjQwMDAwMDAwMDAwLCJyZWFkIjoyNDAwMDAwMDAwMDAsInVwZGF0ZSI6MjQwMDAwMDAwMDAwfX0="
        },
        {
          "index_key": "spgi-root/spgi-business-units/nonprod/spgi-s1",
          "schema_version": 0,
          "attributes": {
            "create_time": "2023-04-19T11:12:32.800Z",
            "display_name": "spgi-s1",
            "folder_id": "116330344570",
            "id": "folders/116330344570",
            "lifecycle_state": "ACTIVE",
            "name": "folders/116330344570",
            "parent": "folders/234779227130",
            "timeouts": null
          },
          "sensitive_attributes": [],
          "identity_schema_version": 0,
          "private": "eyJlMmJmYjczMC1lY2FhLTExZTYtOGY4OC0zNDM2M2JjN2M0YzAiOnsiY3JlYXRlIjoyNDAwMDAwMDAwMDAsImRlbGV0ZSI6MjQwMDAwMDAwMDAwLCJyZWFkIjoyNDAwMDAwMDAwMDAsInVwZGF0ZSI6MjQwMDAwMDAwMDAwfX0="
        },
        {
          "index_key": "spgi-root/spgi-business-units/nonprod/spgi-spdji",
          "schema_version": 0,
          "attributes": {
            "create_time": "2024-02-01T13:28:14.032Z",
            "display_name": "spgi-spdji",
            "folder_id": "668723199609",
            "id": "folders/668723199609",
            "lifecycle_state": "ACTIVE",
            "name": "folders/668723199609",
            "parent": "folders/234779227130",
            "timeouts": null
          },
          "sensitive_attributes": [],
          "identity_schema_version": 0,
          "private": "eyJlMmJmYjczMC1lY2FhLTExZTYtOGY4OC0zNDM2M2JjN2M0YzAiOnsiY3JlYXRlIjoyNDAwMDAwMDAwMDAsImRlbGV0ZSI6MjQwMDAwMDAwMDAwLCJyZWFkIjoyNDAwMDAwMDAwMDAsInVwZGF0ZSI6MjQwMDAwMDAwMDAwfX0="
        },
        {
          "index_key": "spgi-root/spgi-business-units/poc/spgi-ci",
          "schema_version": 0,
          "attributes": {
            "create_time": "2022-12-22T01:02:54.083Z",
            "display_name": "spgi-ci",
            "folder_id": "1032600405351",
            "id": "folders/1032600405351",
            "lifecycle_state": "ACTIVE",
            "name": "folders/1032600405351",
            "parent": "folders/40260066877",
            "timeouts": null
          },
          "sensitive_attributes": [],
          "identity_schema_version": 0,
          "private": "eyJlMmJmYjczMC1lY2FhLTExZTYtOGY4OC0zNDM2M2JjN2M0YzAiOnsiY3JlYXRlIjoyNDAwMDAwMDAwMDAsImRlbGV0ZSI6MjQwMDAwMDAwMDAwLCJyZWFkIjoyNDAwMDAwMDAwMDAsInVwZGF0ZSI6MjQwMDAwMDAwMDAwfX0="
        },
        {
          "index_key": "spgi-root/spgi-business-units/poc/spgi-corp",
          "schema_version": 0,
          "attributes": {
            "create_time": "2022-11-24T09:33:12.400Z",
            "display_name": "spgi-corp",
            "folder_id": "847130462870",
            "id": "folders/847130462870",
            "lifecycle_state": "ACTIVE",
            "name": "folders/847130462870",
            "parent": "folders/40260066877",
            "timeouts": null
          },
          "sensitive_attributes": [],
          "identity_schema_version": 0,
          "private": "eyJlMmJmYjczMC1lY2FhLTExZTYtOGY4OC0zNDM2M2JjN2M0YzAiOnsiY3JlYXRlIjoyNDAwMDAwMDAwMDAsImRlbGV0ZSI6MjQwMDAwMDAwMDAwLCJyZWFkIjoyNDAwMDAwMDAwMDAsInVwZGF0ZSI6MjQwMDAwMDAwMDAwfX0="
        },
        {
          "index_key": "spgi-root/spgi-business-units/poc/spgi-edo",
          "schema_version": 0,
          "attributes": {
            "create_time": "2025-08-22T15:00:03.612Z",
            "display_name": "spgi-edo",
            "folder_id": "899251527089",
            "id": "folders/899251527089",
            "lifecycle_state": "ACTIVE",
            "name": "folders/899251527089",
            "parent": "folders/40260066877",
            "timeouts": null
          },
          "sensitive_attributes": [],
          "identity_schema_version": 0,
          "private": "eyJlMmJmYjczMC1lY2FhLTExZTYtOGY4OC0zNDM2M2JjN2M0YzAiOnsiY3JlYXRlIjoyNDAwMDAwMDAwMDAsImRlbGV0ZSI6MjQwMDAwMDAwMDAwLCJyZWFkIjoyNDAwMDAwMDAwMDAsInVwZGF0ZSI6MjQwMDAwMDAwMDAwfX0="
        },
        {
          "index_key": "spgi-root/spgi-business-units/poc/spgi-kensho",
          "schema_version": 0,
          "attributes": {
            "create_time": "2024-04-22T10:20:56.903Z",
            "display_name": "spgi-kensho",
            "folder_id": "698472863667",
            "id": "folders/698472863667",
            "lifecycle_state": "ACTIVE",
            "name": "folders/698472863667",
            "parent": "folders/40260066877",
            "timeouts": null
          },
          "sensitive_attributes": [],
          "identity_schema_version": 0,
          "private": "eyJlMmJmYjczMC1lY2FhLTExZTYtOGY4OC0zNDM2M2JjN2M0YzAiOnsiY3JlYXRlIjoyNDAwMDAwMDAwMDAsImRlbGV0ZSI6MjQwMDAwMDAwMDAwLCJyZWFkIjoyNDAwMDAwMDAwMDAsInVwZGF0ZSI6MjQwMDAwMDAwMDAwfX0="
        },
        {
          "index_key": "spgi-root/spgi-business-units/poc/spgi-mi",
          "schema_version": 0,
          "attributes": {
            "create_time": "2022-12-22T01:02:52.880Z",
            "display_name": "spgi-mi",
            "folder_id": "285256815659",
            "id": "folders/285256815659",
            "lifecycle_state": "ACTIVE",
            "name": "folders/285256815659",
            "parent": "folders/40260066877",
            "timeouts": null
          },
          "sensitive_attributes": [],
          "identity_schema_version": 0,
          "private": "eyJlMmJmYjczMC1lY2FhLTExZTYtOGY4OC0zNDM2M2JjN2M0YzAiOnsiY3JlYXRlIjoyNDAwMDAwMDAwMDAsImRlbGV0ZSI6MjQwMDAwMDAwMDAwLCJyZWFkIjoyNDAwMDAwMDAwMDAsInVwZGF0ZSI6MjQwMDAwMDAwMDAwfX0="
        },
        {
          "index_key": "spgi-root/spgi-business-units/poc/spgi-mob",
          "schema_version": 0,
          "attributes": {
            "create_time": "2024-08-21T09:39:11.851Z",
            "display_name": "spgi-mob",
            "folder_id": "519625728622",
            "id": "folders/519625728622",
            "lifecycle_state": "ACTIVE",
            "name": "folders/519625728622",
            "parent": "folders/40260066877",
            "timeouts": null
          },
          "sensitive_attributes": [],
          "identity_schema_version": 0,
          "private": "eyJlMmJmYjczMC1lY2FhLTExZTYtOGY4OC0zNDM2M2JjN2M0YzAiOnsiY3JlYXRlIjoyNDAwMDAwMDAwMDAsImRlbGV0ZSI6MjQwMDAwMDAwMDAwLCJyZWFkIjoyNDAwMDAwMDAwMDAsInVwZGF0ZSI6MjQwMDAwMDAwMDAwfX0="
        },
        {
          "index_key": "spgi-root/spgi-business-units/poc/spgi-ratings",
          "schema_version": 0,
          "attributes": {
            "create_time": "2024-11-12T12:47:41.819Z",
            "display_name": "spgi-ratings",
            "folder_id": "481975486571",
            "id": "folders/481975486571",
            "lifecycle_state": "ACTIVE",
            "name": "folders/481975486571",
            "parent": "folders/40260066877",
            "timeouts": null
          },
          "sensitive_attributes": [],
          "identity_schema_version": 0,
          "private": "eyJlMmJmYjczMC1lY2FhLTExZTYtOGY4OC0zNDM2M2JjN2M0YzAiOnsiY3JlYXRlIjoyNDAwMDAwMDAwMDAsImRlbGV0ZSI6MjQwMDAwMDAwMDAwLCJyZWFkIjoyNDAwMDAwMDAwMDAsInVwZGF0ZSI6MjQwMDAwMDAwMDAwfX0="
        },
        {
          "index_key": "spgi-root/spgi-business-units/poc/spgi-s1",
          "schema_version": 0,
          "attributes": {
            "create_time": "2023-04-19T11:12:32.482Z",
            "display_name": "spgi-s1",
            "folder_id": "177328080206",
            "id": "folders/177328080206",
            "lifecycle_state": "ACTIVE",
            "name": "folders/177328080206",
            "parent": "folders/40260066877",
            "timeouts": null
          },
          "sensitive_attributes": [],
          "identity_schema_version": 0,
          "private": "eyJlMmJmYjczMC1lY2FhLTExZTYtOGY4OC0zNDM2M2JjN2M0YzAiOnsiY3JlYXRlIjoyNDAwMDAwMDAwMDAsImRlbGV0ZSI6MjQwMDAwMDAwMDAwLCJyZWFkIjoyNDAwMDAwMDAwMDAsInVwZGF0ZSI6MjQwMDAwMDAwMDAwfX0="
        },
        {
          "index_key": "spgi-root/spgi-business-units/poc/spgi-spdji",
          "schema_version": 0,
          "attributes": {
            "create_time": "2024-02-01T13:28:14.196Z",
            "display_name": "spgi-spdji",
            "folder_id": "86345509003",
            "id": "folders/86345509003",
            "lifecycle_state": "ACTIVE",
            "name": "folders/86345509003",
            "parent": "folders/40260066877",
            "timeouts": null
          },
          "sensitive_attributes": [],
          "identity_schema_version": 0,
          "private": "eyJlMmJmYjczMC1lY2FhLTExZTYtOGY4OC0zNDM2M2JjN2M0YzAiOnsiY3JlYXRlIjoyNDAwMDAwMDAwMDAsImRlbGV0ZSI6MjQwMDAwMDAwMDAwLCJyZWFkIjoyNDAwMDAwMDAwMDAsInVwZGF0ZSI6MjQwMDAwMDAwMDAwfX0="
        },
        {
          "index_key": "spgi-root/spgi-business-units/prod/spgi-ci",
          "schema_version": 0,
          "attributes": {
            "create_time": "2022-12-21T14:39:41.257Z",
            "display_name": "spgi-ci",
            "folder_id": "668234456036",
            "id": "folders/668234456036",
            "lifecycle_state": "ACTIVE",
            "name": "folders/668234456036",
            "parent": "folders/383506668477",
            "timeouts": null
          },
          "sensitive_attributes": [],
          "identity_schema_version": 0,
          "private": "eyJlMmJmYjczMC1lY2FhLTExZTYtOGY4OC0zNDM2M2JjN2M0YzAiOnsiY3JlYXRlIjoyNDAwMDAwMDAwMDAsImRlbGV0ZSI6MjQwMDAwMDAwMDAwLCJyZWFkIjoyNDAwMDAwMDAwMDAsInVwZGF0ZSI6MjQwMDAwMDAwMDAwfX0="
        },
        {
          "index_key": "spgi-root/spgi-business-units/prod/spgi-corp",
          "schema_version": 0,
          "attributes": {
            "create_time": "2022-12-21T15:02:34.125Z",
            "display_name": "spgi-corp",
            "folder_id": "353892066868",
            "id": "folders/353892066868",
            "lifecycle_state": "ACTIVE",
            "name": "folders/353892066868",
            "parent": "folders/383506668477",
            "timeouts": null
          },
          "sensitive_attributes": [],
          "identity_schema_version": 0,
          "private": "eyJlMmJmYjczMC1lY2FhLTExZTYtOGY4OC0zNDM2M2JjN2M0YzAiOnsiY3JlYXRlIjoyNDAwMDAwMDAwMDAsImRlbGV0ZSI6MjQwMDAwMDAwMDAwLCJyZWFkIjoyNDAwMDAwMDAwMDAsInVwZGF0ZSI6MjQwMDAwMDAwMDAwfX0="
        },
        {
          "index_key": "spgi-root/spgi-business-units/prod/spgi-edo",
          "schema_version": 0,
          "attributes": {
            "create_time": "2025-08-22T15:00:02.545Z",
            "display_name": "spgi-edo",
            "folder_id": "66270927025",
            "id": "folders/66270927025",
            "lifecycle_state": "ACTIVE",
            "name": "folders/66270927025",
            "parent": "folders/383506668477",
            "timeouts": null
          },
          "sensitive_attributes": [],
          "identity_schema_version": 0,
          "private": "eyJlMmJmYjczMC1lY2FhLTExZTYtOGY4OC0zNDM2M2JjN2M0YzAiOnsiY3JlYXRlIjoyNDAwMDAwMDAwMDAsImRlbGV0ZSI6MjQwMDAwMDAwMDAwLCJyZWFkIjoyNDAwMDAwMDAwMDAsInVwZGF0ZSI6MjQwMDAwMDAwMDAwfX0="
        },
        {
          "index_key": "spgi-root/spgi-business-units/prod/spgi-kensho",
          "schema_version": 0,
          "attributes": {
            "create_time": "2024-04-22T10:20:56.828Z",
            "display_name": "spgi-kensho",
            "folder_id": "25357316982",
            "id": "folders/25357316982",
            "lifecycle_state": "ACTIVE",
            "name": "folders/25357316982",
            "parent": "folders/383506668477",
            "timeouts": null
          },
          "sensitive_attributes": [],
          "identity_schema_version": 0,
          "private": "eyJlMmJmYjczMC1lY2FhLTExZTYtOGY4OC0zNDM2M2JjN2M0YzAiOnsiY3JlYXRlIjoyNDAwMDAwMDAwMDAsImRlbGV0ZSI6MjQwMDAwMDAwMDAwLCJyZWFkIjoyNDAwMDAwMDAwMDAsInVwZGF0ZSI6MjQwMDAwMDAwMDAwfX0="
        },
        {
          "index_key": "spgi-root/spgi-business-units/prod/spgi-mi",
          "schema_version": 0,
          "attributes": {
            "create_time": "2022-12-21T14:39:45.180Z",
            "display_name": "spgi-mi",
            "folder_id": "141708123759",
            "id": "folders/141708123759",
            "lifecycle_state": "ACTIVE",
            "name": "folders/141708123759",
            "parent": "folders/383506668477",
            "timeouts": null
          },
          "sensitive_attributes": [],
          "identity_schema_version": 0,
          "private": "eyJlMmJmYjczMC1lY2FhLTExZTYtOGY4OC0zNDM2M2JjN2M0YzAiOnsiY3JlYXRlIjoyNDAwMDAwMDAwMDAsImRlbGV0ZSI6MjQwMDAwMDAwMDAwLCJyZWFkIjoyNDAwMDAwMDAwMDAsInVwZGF0ZSI6MjQwMDAwMDAwMDAwfX0="
        },
        {
          "index_key": "spgi-root/spgi-business-units/prod/spgi-mob",
          "schema_version": 0,
          "attributes": {
            "create_time": "2024-08-21T09:39:12.651Z",
            "display_name": "spgi-mob",
            "folder_id": "465779573493",
            "id": "folders/465779573493",
            "lifecycle_state": "ACTIVE",
            "name": "folders/465779573493",
            "parent": "folders/383506668477",
            "timeouts": null
          },
          "sensitive_attributes": [],
          "identity_schema_version": 0,
          "private": "eyJlMmJmYjczMC1lY2FhLTExZTYtOGY4OC0zNDM2M2JjN2M0YzAiOnsiY3JlYXRlIjoyNDAwMDAwMDAwMDAsImRlbGV0ZSI6MjQwMDAwMDAwMDAwLCJyZWFkIjoyNDAwMDAwMDAwMDAsInVwZGF0ZSI6MjQwMDAwMDAwMDAwfX0="
        },
        {
          "index_key": "spgi-root/spgi-business-units/prod/spgi-ratings",
          "schema_version": 0,
          "attributes": {
            "create_time": "2024-11-12T12:47:43.644Z",
            "display_name": "spgi-ratings",
            "folder_id": "482731098164",
            "id": "folders/482731098164",
            "lifecycle_state": "ACTIVE",
            "name": "folders/482731098164",
            "parent": "folders/383506668477",
            "timeouts": null
          },
          "sensitive_attributes": [],
          "identity_schema_version": 0,
          "private": "eyJlMmJmYjczMC1lY2FhLTExZTYtOGY4OC0zNDM2M2JjN2M0YzAiOnsiY3JlYXRlIjoyNDAwMDAwMDAwMDAsImRlbGV0ZSI6MjQwMDAwMDAwMDAwLCJyZWFkIjoyNDAwMDAwMDAwMDAsInVwZGF0ZSI6MjQwMDAwMDAwMDAwfX0="
        },
        {
          "index_key": "spgi-root/spgi-business-units/prod/spgi-s1",
          "schema_version": 0,
          "attributes": {
            "create_time": "2023-04-19T11:12:32.339Z",
            "display_name": "spgi-s1",
            "folder_id": "628692607608",
            "id": "folders/628692607608",
            "lifecycle_state": "ACTIVE",
            "name": "folders/628692607608",
            "parent": "folders/383506668477",
            "timeouts": null
          },
          "sensitive_attributes": [],
          "identity_schema_version": 0,
          "private": "eyJlMmJmYjczMC1lY2FhLTExZTYtOGY4OC0zNDM2M2JjN2M0YzAiOnsiY3JlYXRlIjoyNDAwMDAwMDAwMDAsImRlbGV0ZSI6MjQwMDAwMDAwMDAwLCJyZWFkIjoyNDAwMDAwMDAwMDAsInVwZGF0ZSI6MjQwMDAwMDAwMDAwfX0="
        },
        {
          "index_key": "spgi-root/spgi-business-units/prod/spgi-spdji",
          "schema_version": 0,
          "attributes": {
            "create_time": "2024-02-01T13:28:13.783Z",
            "display_name": "spgi-spdji",
            "folder_id": "750599070395",
            "id": "folders/750599070395",
            "lifecycle_state": "ACTIVE",
            "name": "folders/750599070395",
            "parent": "folders/383506668477",
            "timeouts": null
          },
          "sensitive_attributes": [],
          "identity_schema_version": 0,
          "private": "eyJlMmJmYjczMC1lY2FhLTExZTYtOGY4OC0zNDM2M2JjN2M0YzAiOnsiY3JlYXRlIjoyNDAwMDAwMDAwMDAsImRlbGV0ZSI6MjQwMDAwMDAwMDAwLCJyZWFkIjoyNDAwMDAwMDAwMDAsInVwZGF0ZSI6MjQwMDAwMDAwMDAwfX0="
        },
        {
          "index_key": "spgi-root/spgi-ess/nonprod/shared-network",
          "schema_version": 0,
          "attributes": {
            "create_time": "2023-03-02T11:51:44.558Z",
            "display_name": "shared-network",
            "folder_id": "288344041660",
            "id": "folders/288344041660",
            "lifecycle_state": "ACTIVE",
            "name": "folders/288344041660",
            "parent": "folders/506239018180",
            "timeouts": null
          },
          "sensitive_attributes": [],
          "identity_schema_version": 0,
          "private": "eyJlMmJmYjczMC1lY2FhLTExZTYtOGY4OC0zNDM2M2JjN2M0YzAiOnsiY3JlYXRlIjoyNDAwMDAwMDAwMDAsImRlbGV0ZSI6MjQwMDAwMDAwMDAwLCJyZWFkIjoyNDAwMDAwMDAwMDAsInVwZGF0ZSI6MjQwMDAwMDAwMDAwfX0="
        },
        {
          "index_key": "spgi-root/spgi-ess/prod/shared-network",
          "schema_version": 0,
          "attributes": {
            "create_time": "2023-03-02T11:51:44.474Z",
            "display_name": "shared-network",
            "folder_id": "1068392187507",
            "id": "folders/1068392187507",
            "lifecycle_state": "ACTIVE",
            "name": "folders/1068392187507",
            "parent": "folders/107677334636",
            "timeouts": null
          },
          "sensitive_attributes": [],
          "identity_schema_version": 0,
          "private": "eyJlMmJmYjczMC1lY2FhLTExZTYtOGY4OC0zNDM2M2JjN2M0YzAiOnsiY3JlYXRlIjoyNDAwMDAwMDAwMDAsImRlbGV0ZSI6MjQwMDAwMDAwMDAwLCJyZWFkIjoyNDAwMDAwMDAwMDAsInVwZGF0ZSI6MjQwMDAwMDAwMDAwfX0="
        }
      ]
    },
    {
      "module": "module.folder_hierarchy",
      "mode": "managed",
      "type": "google_folder",
      "name": "folder_l5",
      "provider": "provider[\"registry.terraform.io/hashicorp/google\"]",
      "instances": [
        {
          "index_key": "spgi-root/spgi-business-units/nonprod/spgi-ci/vertex-ai",
          "schema_version": 0,
          "attributes": {
            "create_time": "2025-06-04T12:56:29.774Z",
            "display_name": "vertex-ai",
            "folder_id": "236109401182",
            "id": "folders/236109401182",
            "lifecycle_state": "ACTIVE",
            "name": "folders/236109401182",
            "parent": "folders/707274128841",
            "timeouts": null
          },
          "sensitive_attributes": [],
          "identity_schema_version": 0,
          "private": "eyJlMmJmYjczMC1lY2FhLTExZTYtOGY4OC0zNDM2M2JjN2M0YzAiOnsiY3JlYXRlIjoyNDAwMDAwMDAwMDAsImRlbGV0ZSI6MjQwMDAwMDAwMDAwLCJyZWFkIjoyNDAwMDAwMDAwMDAsInVwZGF0ZSI6MjQwMDAwMDAwMDAwfX0="
        },
        {
          "index_key": "spgi-root/spgi-business-units/nonprod/spgi-corp/dts-nonprod-1",
          "schema_version": 0,
          "attributes": {
            "create_time": "2024-04-24T16:00:27.278Z",
            "display_name": "dts-nonprod-1",
            "folder_id": "16383417142",
            "id": "folders/16383417142",
            "lifecycle_state": "ACTIVE",
            "name": "folders/16383417142",
            "parent": "folders/5805672426",
            "timeouts": null
          },
          "sensitive_attributes": [],
          "identity_schema_version": 0,
          "private": "eyJlMmJmYjczMC1lY2FhLTExZTYtOGY4OC0zNDM2M2JjN2M0YzAiOnsiY3JlYXRlIjoyNDAwMDAwMDAwMDAsImRlbGV0ZSI6MjQwMDAwMDAwMDAwLCJyZWFkIjoyNDAwMDAwMDAwMDAsInVwZGF0ZSI6MjQwMDAwMDAwMDAwfX0="
        },
        {
          "index_key": "spgi-root/spgi-business-units/nonprod/spgi-corp/dts-nonprod-lodestone",
          "schema_version": 0,
          "attributes": {
            "create_time": "2024-04-24T16:00:27.470Z",
            "display_name": "dts-nonprod-lodestone",
            "folder_id": "173552313203",
            "id": "folders/173552313203",
            "lifecycle_state": "ACTIVE",
            "name": "folders/173552313203",
            "parent": "folders/5805672426",
            "timeouts": null
          },
          "sensitive_attributes": [],
          "identity_schema_version": 0,
          "private": "eyJlMmJmYjczMC1lY2FhLTExZTYtOGY4OC0zNDM2M2JjN2M0YzAiOnsiY3JlYXRlIjoyNDAwMDAwMDAwMDAsImRlbGV0ZSI6MjQwMDAwMDAwMDAwLCJyZWFkIjoyNDAwMDAwMDAwMDAsInVwZGF0ZSI6MjQwMDAwMDAwMDAwfX0="
        },
        {
          "index_key": "spgi-root/spgi-business-units/nonprod/spgi-corp/vertex-ai",
          "schema_version": 0,
          "attributes": {
            "create_time": "2025-06-04T12:56:26.364Z",
            "display_name": "vertex-ai",
            "folder_id": "509856603645",
            "id": "folders/509856603645",
            "lifecycle_state": "ACTIVE",
            "name": "folders/509856603645",
            "parent": "folders/5805672426",
            "timeouts": null
          },
          "sensitive_attributes": [],
          "identity_schema_version": 0,
          "private": "eyJlMmJmYjczMC1lY2FhLTExZTYtOGY4OC0zNDM2M2JjN2M0YzAiOnsiY3JlYXRlIjoyNDAwMDAwMDAwMDAsImRlbGV0ZSI6MjQwMDAwMDAwMDAwLCJyZWFkIjoyNDAwMDAwMDAwMDAsInVwZGF0ZSI6MjQwMDAwMDAwMDAwfX0="
        },
        {
          "index_key": "spgi-root/spgi-business-units/nonprod/spgi-edo/vertex-ai",
          "schema_version": 0,
          "attributes": {
            "create_time": "2025-08-22T15:00:16.744Z",
            "display_name": "vertex-ai",
            "folder_id": "443400659117",
            "id": "folders/443400659117",
            "lifecycle_state": "ACTIVE",
            "name": "folders/443400659117",
            "parent": "folders/694569146097",
            "timeouts": null
          },
          "sensitive_attributes": [],
          "identity_schema_version": 0,
          "private": "eyJlMmJmYjczMC1lY2FhLTExZTYtOGY4OC0zNDM2M2JjN2M0YzAiOnsiY3JlYXRlIjoyNDAwMDAwMDAwMDAsImRlbGV0ZSI6MjQwMDAwMDAwMDAwLCJyZWFkIjoyNDAwMDAwMDAwMDAsInVwZGF0ZSI6MjQwMDAwMDAwMDAwfX0="
        },
        {
          "index_key": "spgi-root/spgi-business-units/nonprod/spgi-kensho/vertex-ai",
          "schema_version": 0,
          "attributes": {
            "create_time": "2025-06-04T12:56:29.515Z",
            "display_name": "vertex-ai",
            "folder_id": "604494297415",
            "id": "folders/604494297415",
            "lifecycle_state": "ACTIVE",
            "name": "folders/604494297415",
            "parent": "folders/646131917715",
            "timeouts": null
          },
          "sensitive_attributes": [],
          "identity_schema_version": 0,
          "private": "eyJlMmJmYjczMC1lY2FhLTExZTYtOGY4OC0zNDM2M2JjN2M0YzAiOnsiY3JlYXRlIjoyNDAwMDAwMDAwMDAsImRlbGV0ZSI6MjQwMDAwMDAwMDAwLCJyZWFkIjoyNDAwMDAwMDAwMDAsInVwZGF0ZSI6MjQwMDAwMDAwMDAwfX0="
        },
        {
          "index_key": "spgi-root/spgi-business-units/nonprod/spgi-mi/vertex-ai",
          "schema_version": 0,
          "attributes": {
            "create_time": "2025-06-04T12:56:28.137Z",
            "display_name": "vertex-ai",
            "folder_id": "481333539363",
            "id": "folders/481333539363",
            "lifecycle_state": "ACTIVE",
            "name": "folders/481333539363",
            "parent": "folders/847567167163",
            "timeouts": null
          },
          "sensitive_attributes": [],
          "identity_schema_version": 0,
          "private": "eyJlMmJmYjczMC1lY2FhLTExZTYtOGY4OC0zNDM2M2JjN2M0YzAiOnsiY3JlYXRlIjoyNDAwMDAwMDAwMDAsImRlbGV0ZSI6MjQwMDAwMDAwMDAwLCJyZWFkIjoyNDAwMDAwMDAwMDAsInVwZGF0ZSI6MjQwMDAwMDAwMDAwfX0="
        },
        {
          "index_key": "spgi-root/spgi-business-units/nonprod/spgi-mob/carfax",
          "schema_version": 0,
          "attributes": {
            "create_time": "2024-08-21T09:49:08.950Z",
            "display_name": "carfax",
            "folder_id": "376071186950",
            "id": "folders/376071186950",
            "lifecycle_state": "ACTIVE",
            "name": "folders/376071186950",
            "parent": "folders/811880285898",
            "timeouts": null
          },
          "sensitive_attributes": [],
          "identity_schema_version": 0,
          "private": "eyJlMmJmYjczMC1lY2FhLTExZTYtOGY4OC0zNDM2M2JjN2M0YzAiOnsiY3JlYXRlIjoyNDAwMDAwMDAwMDAsImRlbGV0ZSI6MjQwMDAwMDAwMDAwLCJyZWFkIjoyNDAwMDAwMDAwMDAsInVwZGF0ZSI6MjQwMDAwMDAwMDAwfX0="
        },
        {
          "index_key": "spgi-root/spgi-business-units/nonprod/spgi-mob/market-scan",
          "schema_version": 0,
          "attributes": {
            "create_time": "2024-08-21T09:49:08.399Z",
            "display_name": "market-scan",
            "folder_id": "826391013685",
            "id": "folders/826391013685",
            "lifecycle_state": "ACTIVE",
            "name": "folders/826391013685",
            "parent": "folders/811880285898",
            "timeouts": null
          },
          "sensitive_attributes": [],
          "identity_schema_version": 0,
          "private": "eyJlMmJmYjczMC1lY2FhLTExZTYtOGY4OC0zNDM2M2JjN2M0YzAiOnsiY3JlYXRlIjoyNDAwMDAwMDAwMDAsImRlbGV0ZSI6MjQwMDAwMDAwMDAwLCJyZWFkIjoyNDAwMDAwMDAwMDAsInVwZGF0ZSI6MjQwMDAwMDAwMDAwfX0="
        },
        {
          "index_key": "spgi-root/spgi-business-units/nonprod/spgi-mob/vertex-ai",
          "schema_version": 0,
          "attributes": {
            "create_time": "2025-06-04T12:56:27.781Z",
            "display_name": "vertex-ai",
            "folder_id": "766595328822",
            "id": "folders/766595328822",
            "lifecycle_state": "ACTIVE",
            "name": "folders/766595328822",
            "parent": "folders/811880285898",
            "timeouts": null
          },
          "sensitive_attributes": [],
          "identity_schema_version": 0,
          "private": "eyJlMmJmYjczMC1lY2FhLTExZTYtOGY4OC0zNDM2M2JjN2M0YzAiOnsiY3JlYXRlIjoyNDAwMDAwMDAwMDAsImRlbGV0ZSI6MjQwMDAwMDAwMDAwLCJyZWFkIjoyNDAwMDAwMDAwMDAsInVwZGF0ZSI6MjQwMDAwMDAwMDAwfX0="
        },
        {
          "index_key": "spgi-root/spgi-business-units/nonprod/spgi-ratings/vertex-ai",
          "schema_version": 0,
          "attributes": {
            "create_time": "2025-06-04T12:56:32.880Z",
            "display_name": "vertex-ai",
            "folder_id": "409883891596",
            "id": "folders/409883891596",
            "lifecycle_state": "ACTIVE",
            "name": "folders/409883891596",
            "parent": "folders/156329914911",
            "timeouts": null
          },
          "sensitive_attributes": [],
          "identity_schema_version": 0,
          "private": "eyJlMmJmYjczMC1lY2FhLTExZTYtOGY4OC0zNDM2M2JjN2M0YzAiOnsiY3JlYXRlIjoyNDAwMDAwMDAwMDAsImRlbGV0ZSI6MjQwMDAwMDAwMDAwLCJyZWFkIjoyNDAwMDAwMDAwMDAsInVwZGF0ZSI6MjQwMDAwMDAwMDAwfX0="
        },
        {
          "index_key": "spgi-root/spgi-business-units/nonprod/spgi-s1/vertex-ai",
          "schema_version": 0,
          "attributes": {
            "create_time": "2025-06-04T12:56:28.022Z",
            "display_name": "vertex-ai",
            "folder_id": "497590637482",
            "id": "folders/497590637482",
            "lifecycle_state": "ACTIVE",
            "name": "folders/497590637482",
            "parent": "folders/116330344570",
            "timeouts": null
          },
          "sensitive_attributes": [],
          "identity_schema_version": 0,
          "private": "eyJlMmJmYjczMC1lY2FhLTExZTYtOGY4OC0zNDM2M2JjN2M0YzAiOnsiY3JlYXRlIjoyNDAwMDAwMDAwMDAsImRlbGV0ZSI6MjQwMDAwMDAwMDAwLCJyZWFkIjoyNDAwMDAwMDAwMDAsInVwZGF0ZSI6MjQwMDAwMDAwMDAwfX0="
        },
        {
          "index_key": "spgi-root/spgi-business-units/nonprod/spgi-spdji/vertex-ai",
          "schema_version": 0,
          "attributes": {
            "create_time": "2025-06-04T12:56:32.469Z",
            "display_name": "vertex-ai",
            "folder_id": "450101791303",
            "id": "folders/450101791303",
            "lifecycle_state": "ACTIVE",
            "name": "folders/450101791303",
            "parent": "folders/668723199609",
            "timeouts": null
          },
          "sensitive_attributes": [],
          "identity_schema_version": 0,
          "private": "eyJlMmJmYjczMC1lY2FhLTExZTYtOGY4OC0zNDM2M2JjN2M0YzAiOnsiY3JlYXRlIjoyNDAwMDAwMDAwMDAsImRlbGV0ZSI6MjQwMDAwMDAwMDAwLCJyZWFkIjoyNDAwMDAwMDAwMDAsInVwZGF0ZSI6MjQwMDAwMDAwMDAwfX0="
        },
        {
          "index_key": "spgi-root/spgi-business-units/poc/spgi-ci/vertex-ai",
          "schema_version": 0,
          "attributes": {
            "create_time": "2025-06-04T12:56:35.759Z",
            "display_name": "vertex-ai",
            "folder_id": "937199365074",
            "id": "folders/937199365074",
            "lifecycle_state": "ACTIVE",
            "name": "folders/937199365074",
            "parent": "folders/1032600405351",
            "timeouts": null
          },
          "sensitive_attributes": [],
          "identity_schema_version": 0,
          "private": "eyJlMmJmYjczMC1lY2FhLTExZTYtOGY4OC0zNDM2M2JjN2M0YzAiOnsiY3JlYXRlIjoyNDAwMDAwMDAwMDAsImRlbGV0ZSI6MjQwMDAwMDAwMDAwLCJyZWFkIjoyNDAwMDAwMDAwMDAsInVwZGF0ZSI6MjQwMDAwMDAwMDAwfX0="
        },
        {
          "index_key": "spgi-root/spgi-business-units/poc/spgi-corp/dts-poc-1",
          "schema_version": 0,
          "attributes": {
            "create_time": "2023-02-08T10:07:13.522Z",
            "display_name": "dts-poc-1",
            "folder_id": "986120679672",
            "id": "folders/986120679672",
            "lifecycle_state": "ACTIVE",
            "name": "folders/986120679672",
            "parent": "folders/847130462870",
            "timeouts": null
          },
          "sensitive_attributes": [],
          "identity_schema_version": 0,
          "private": "eyJlMmJmYjczMC1lY2FhLTExZTYtOGY4OC0zNDM2M2JjN2M0YzAiOnsiY3JlYXRlIjoyNDAwMDAwMDAwMDAsImRlbGV0ZSI6MjQwMDAwMDAwMDAwLCJyZWFkIjoyNDAwMDAwMDAwMDAsInVwZGF0ZSI6MjQwMDAwMDAwMDAwfX0="
        },
        {
          "index_key": "spgi-root/spgi-business-units/poc/spgi-corp/dts-poc-2",
          "schema_version": 0,
          "attributes": {
            "create_time": "2023-02-08T10:07:13.586Z",
            "display_name": "dts-poc-2",
            "folder_id": "123716690914",
            "id": "folders/123716690914",
            "lifecycle_state": "ACTIVE",
            "name": "folders/123716690914",
            "parent": "folders/847130462870",
            "timeouts": null
          },
          "sensitive_attributes": [],
          "identity_schema_version": 0,
          "private": "eyJlMmJmYjczMC1lY2FhLTExZTYtOGY4OC0zNDM2M2JjN2M0YzAiOnsiY3JlYXRlIjoyNDAwMDAwMDAwMDAsImRlbGV0ZSI6MjQwMDAwMDAwMDAwLCJyZWFkIjoyNDAwMDAwMDAwMDAsInVwZGF0ZSI6MjQwMDAwMDAwMDAwfX0="
        },
        {
          "index_key": "spgi-root/spgi-business-units/poc/spgi-corp/vertex-ai",
          "schema_version": 0,
          "attributes": {
            "create_time": "2025-06-04T12:57:32.515Z",
            "display_name": "vertex-ai",
            "folder_id": "809147423269",
            "id": "folders/809147423269",
            "lifecycle_state": "ACTIVE",
            "name": "folders/809147423269",
            "parent": "folders/847130462870",
            "timeouts": null
          },
          "sensitive_attributes": [],
          "identity_schema_version": 0,
          "private": "eyJlMmJmYjczMC1lY2FhLTExZTYtOGY4OC0zNDM2M2JjN2M0YzAiOnsiY3JlYXRlIjoyNDAwMDAwMDAwMDAsImRlbGV0ZSI6MjQwMDAwMDAwMDAwLCJyZWFkIjoyNDAwMDAwMDAwMDAsInVwZGF0ZSI6MjQwMDAwMDAwMDAwfX0="
        },
        {
          "index_key": "spgi-root/spgi-business-units/poc/spgi-edo/vertex-ai",
          "schema_version": 0,
          "attributes": {
            "create_time": "2025-08-22T15:00:17.421Z",
            "display_name": "vertex-ai",
            "folder_id": "771305078763",
            "id": "folders/771305078763",
            "lifecycle_state": "ACTIVE",
            "name": "folders/771305078763",
            "parent": "folders/899251527089",
            "timeouts": null
          },
          "sensitive_attributes": [],
          "identity_schema_version": 0,
          "private": "eyJlMmJmYjczMC1lY2FhLTExZTYtOGY4OC0zNDM2M2JjN2M0YzAiOnsiY3JlYXRlIjoyNDAwMDAwMDAwMDAsImRlbGV0ZSI6MjQwMDAwMDAwMDAwLCJyZWFkIjoyNDAwMDAwMDAwMDAsInVwZGF0ZSI6MjQwMDAwMDAwMDAwfX0="
        },
        {
          "index_key": "spgi-root/spgi-business-units/poc/spgi-kensho/vertex-ai",
          "schema_version": 0,
          "attributes": {
            "create_time": "2025-06-04T12:56:48.666Z",
            "display_name": "vertex-ai",
            "folder_id": "49421252314",
            "id": "folders/49421252314",
            "lifecycle_state": "ACTIVE",
            "name": "folders/49421252314",
            "parent": "folders/698472863667",
            "timeouts": null
          },
          "sensitive_attributes": [],
          "identity_schema_version": 0,
          "private": "eyJlMmJmYjczMC1lY2FhLTExZTYtOGY4OC0zNDM2M2JjN2M0YzAiOnsiY3JlYXRlIjoyNDAwMDAwMDAwMDAsImRlbGV0ZSI6MjQwMDAwMDAwMDAwLCJyZWFkIjoyNDAwMDAwMDAwMDAsInVwZGF0ZSI6MjQwMDAwMDAwMDAwfX0="
        },
        {
          "index_key": "spgi-root/spgi-business-units/poc/spgi-mi/vertex-ai",
          "schema_version": 0,
          "attributes": {
            "create_time": "2025-06-04T12:57:27.477Z",
            "display_name": "vertex-ai",
            "folder_id": "216404777574",
            "id": "folders/216404777574",
            "lifecycle_state": "ACTIVE",
            "name": "folders/216404777574",
            "parent": "folders/285256815659",
            "timeouts": null
          },
          "sensitive_attributes": [],
          "identity_schema_version": 0,
          "private": "eyJlMmJmYjczMC1lY2FhLTExZTYtOGY4OC0zNDM2M2JjN2M0YzAiOnsiY3JlYXRlIjoyNDAwMDAwMDAwMDAsImRlbGV0ZSI6MjQwMDAwMDAwMDAwLCJyZWFkIjoyNDAwMDAwMDAwMDAsInVwZGF0ZSI6MjQwMDAwMDAwMDAwfX0="
        },
        {
          "index_key": "spgi-root/spgi-business-units/poc/spgi-mob/carfax",
          "schema_version": 0,
          "attributes": {
            "create_time": "2024-08-21T09:49:03.568Z",
            "display_name": "carfax",
            "folder_id": "530693904460",
            "id": "folders/530693904460",
            "lifecycle_state": "ACTIVE",
            "name": "folders/530693904460",
            "parent": "folders/519625728622",
            "timeouts": null
          },
          "sensitive_attributes": [],
          "identity_schema_version": 0,
          "private": "eyJlMmJmYjczMC1lY2FhLTExZTYtOGY4OC0zNDM2M2JjN2M0YzAiOnsiY3JlYXRlIjoyNDAwMDAwMDAwMDAsImRlbGV0ZSI6MjQwMDAwMDAwMDAwLCJyZWFkIjoyNDAwMDAwMDAwMDAsInVwZGF0ZSI6MjQwMDAwMDAwMDAwfX0="
        },
        {
          "index_key": "spgi-root/spgi-business-units/poc/spgi-mob/market-scan",
          "schema_version": 0,
          "attributes": {
            "create_time": "2024-08-21T09:49:03.726Z",
            "display_name": "market-scan",
            "folder_id": "941341389157",
            "id": "folders/941341389157",
            "lifecycle_state": "ACTIVE",
            "name": "folders/941341389157",
            "parent": "folders/519625728622",
            "timeouts": null
          },
          "sensitive_attributes": [],
          "identity_schema_version": 0,
          "private": "eyJlMmJmYjczMC1lY2FhLTExZTYtOGY4OC0zNDM2M2JjN2M0YzAiOnsiY3JlYXRlIjoyNDAwMDAwMDAwMDAsImRlbGV0ZSI6MjQwMDAwMDAwMDAwLCJyZWFkIjoyNDAwMDAwMDAwMDAsInVwZGF0ZSI6MjQwMDAwMDAwMDAwfX0="
        },
        {
          "index_key": "spgi-root/spgi-business-units/poc/spgi-mob/vertex-ai",
          "schema_version": 0,
          "attributes": {
            "create_time": "2025-06-04T12:57:33.315Z",
            "display_name": "vertex-ai",
            "folder_id": "846688893123",
            "id": "folders/846688893123",
            "lifecycle_state": "ACTIVE",
            "name": "folders/846688893123",
            "parent": "folders/519625728622",
            "timeouts": null
          },
          "sensitive_attributes": [],
          "identity_schema_version": 0,
          "private": "eyJlMmJmYjczMC1lY2FhLTExZTYtOGY4OC0zNDM2M2JjN2M0YzAiOnsiY3JlYXRlIjoyNDAwMDAwMDAwMDAsImRlbGV0ZSI6MjQwMDAwMDAwMDAwLCJyZWFkIjoyNDAwMDAwMDAwMDAsInVwZGF0ZSI6MjQwMDAwMDAwMDAwfX0="
        },
        {
          "index_key": "spgi-root/spgi-business-units/poc/spgi-ratings/vertex-ai",
          "schema_version": 0,
          "attributes": {
            "create_time": "2025-06-04T12:56:47.394Z",
            "display_name": "vertex-ai",
            "folder_id": "346282942415",
            "id": "folders/346282942415",
            "lifecycle_state": "ACTIVE",
            "name": "folders/346282942415",
            "parent": "folders/481975486571",
            "timeouts": null
          },
          "sensitive_attributes": [],
          "identity_schema_version": 0,
          "private": "eyJlMmJmYjczMC1lY2FhLTExZTYtOGY4OC0zNDM2M2JjN2M0YzAiOnsiY3JlYXRlIjoyNDAwMDAwMDAwMDAsImRlbGV0ZSI6MjQwMDAwMDAwMDAwLCJyZWFkIjoyNDAwMDAwMDAwMDAsInVwZGF0ZSI6MjQwMDAwMDAwMDAwfX0="
        },
        {
          "index_key": "spgi-root/spgi-business-units/poc/spgi-s1/vertex-ai",
          "schema_version": 0,
          "attributes": {
            "create_time": "2025-06-04T12:57:32.010Z",
            "display_name": "vertex-ai",
            "folder_id": "944353953241",
            "id": "folders/944353953241",
            "lifecycle_state": "ACTIVE",
            "name": "folders/944353953241",
            "parent": "folders/177328080206",
            "timeouts": null
          },
          "sensitive_attributes": [],
          "identity_schema_version": 0,
          "private": "eyJlMmJmYjczMC1lY2FhLTExZTYtOGY4OC0zNDM2M2JjN2M0YzAiOnsiY3JlYXRlIjoyNDAwMDAwMDAwMDAsImRlbGV0ZSI6MjQwMDAwMDAwMDAwLCJyZWFkIjoyNDAwMDAwMDAwMDAsInVwZGF0ZSI6MjQwMDAwMDAwMDAwfX0="
        },
        {
          "index_key": "spgi-root/spgi-business-units/poc/spgi-spdji/vertex-ai",
          "schema_version": 0,
          "attributes": {
            "create_time": "2025-06-04T12:57:30.013Z",
            "display_name": "vertex-ai",
            "folder_id": "376060029575",
            "id": "folders/376060029575",
            "lifecycle_state": "ACTIVE",
            "name": "folders/376060029575",
            "parent": "folders/86345509003",
            "timeouts": null
          },
          "sensitive_attributes": [],
          "identity_schema_version": 0,
          "private": "eyJlMmJmYjczMC1lY2FhLTExZTYtOGY4OC0zNDM2M2JjN2M0YzAiOnsiY3JlYXRlIjoyNDAwMDAwMDAwMDAsImRlbGV0ZSI6MjQwMDAwMDAwMDAwLCJyZWFkIjoyNDAwMDAwMDAwMDAsInVwZGF0ZSI6MjQwMDAwMDAwMDAwfX0="
        },
        {
          "index_key": "spgi-root/spgi-business-units/prod/spgi-ci/vertex-ai",
          "schema_version": 0,
          "attributes": {
            "create_time": "2025-06-04T12:56:39.390Z",
            "display_name": "vertex-ai",
            "folder_id": "108447948667",
            "id": "folders/108447948667",
            "lifecycle_state": "ACTIVE",
            "name": "folders/108447948667",
            "parent": "folders/668234456036",
            "timeouts": null
          },
          "sensitive_attributes": [],
          "identity_schema_version": 0,
          "private": "eyJlMmJmYjczMC1lY2FhLTExZTYtOGY4OC0zNDM2M2JjN2M0YzAiOnsiY3JlYXRlIjoyNDAwMDAwMDAwMDAsImRlbGV0ZSI6MjQwMDAwMDAwMDAwLCJyZWFkIjoyNDAwMDAwMDAwMDAsInVwZGF0ZSI6MjQwMDAwMDAwMDAwfX0="
        },
        {
          "index_key": "spgi-root/spgi-business-units/prod/spgi-corp/vertex-ai",
          "schema_version": 0,
          "attributes": {
            "create_time": "2025-06-04T12:56:34.982Z",
            "display_name": "vertex-ai",
            "folder_id": "742224144968",
            "id": "folders/742224144968",
            "lifecycle_state": "ACTIVE",
            "name": "folders/742224144968",
            "parent": "folders/353892066868",
            "timeouts": null
          },
          "sensitive_attributes": [],
          "identity_schema_version": 0,
          "private": "eyJlMmJmYjczMC1lY2FhLTExZTYtOGY4OC0zNDM2M2JjN2M0YzAiOnsiY3JlYXRlIjoyNDAwMDAwMDAwMDAsImRlbGV0ZSI6MjQwMDAwMDAwMDAwLCJyZWFkIjoyNDAwMDAwMDAwMDAsInVwZGF0ZSI6MjQwMDAwMDAwMDAwfX0="
        },
        {
          "index_key": "spgi-root/spgi-business-units/prod/spgi-edo/vertex-ai",
          "schema_version": 0,
          "attributes": {
            "create_time": "2025-08-22T15:00:16.525Z",
            "display_name": "vertex-ai",
            "folder_id": "720161512491",
            "id": "folders/720161512491",
            "lifecycle_state": "ACTIVE",
            "name": "folders/720161512491",
            "parent": "folders/66270927025",
            "timeouts": null
          },
          "sensitive_attributes": [],
          "identity_schema_version": 0,
          "private": "eyJlMmJmYjczMC1lY2FhLTExZTYtOGY4OC0zNDM2M2JjN2M0YzAiOnsiY3JlYXRlIjoyNDAwMDAwMDAwMDAsImRlbGV0ZSI6MjQwMDAwMDAwMDAwLCJyZWFkIjoyNDAwMDAwMDAwMDAsInVwZGF0ZSI6MjQwMDAwMDAwMDAwfX0="
        },
        {
          "index_key": "spgi-root/spgi-business-units/prod/spgi-kensho/vertex-ai",
          "schema_version": 0,
          "attributes": {
            "create_time": "2025-06-04T12:56:38.244Z",
            "display_name": "vertex-ai",
            "folder_id": "1062586429153",
            "id": "folders/1062586429153",
            "lifecycle_state": "ACTIVE",
            "name": "folders/1062586429153",
            "parent": "folders/25357316982",
            "timeouts": null
          },
          "sensitive_attributes": [],
          "identity_schema_version": 0,
          "private": "eyJlMmJmYjczMC1lY2FhLTExZTYtOGY4OC0zNDM2M2JjN2M0YzAiOnsiY3JlYXRlIjoyNDAwMDAwMDAwMDAsImRlbGV0ZSI6MjQwMDAwMDAwMDAwLCJyZWFkIjoyNDAwMDAwMDAwMDAsInVwZGF0ZSI6MjQwMDAwMDAwMDAwfX0="
        },
        {
          "index_key": "spgi-root/spgi-business-units/prod/spgi-mi/vertex-ai",
          "schema_version": 0,
          "attributes": {
            "create_time": "2025-06-04T12:57:49.238Z",
            "display_name": "vertex-ai",
            "folder_id": "1005284127623",
            "id": "folders/1005284127623",
            "lifecycle_state": "ACTIVE",
            "name": "folders/1005284127623",
            "parent": "folders/141708123759",
            "timeouts": null
          },
          "sensitive_attributes": [],
          "identity_schema_version": 0,
          "private": "eyJlMmJmYjczMC1lY2FhLTExZTYtOGY4OC0zNDM2M2JjN2M0YzAiOnsiY3JlYXRlIjoyNDAwMDAwMDAwMDAsImRlbGV0ZSI6MjQwMDAwMDAwMDAwLCJyZWFkIjoyNDAwMDAwMDAwMDAsInVwZGF0ZSI6MjQwMDAwMDAwMDAwfX0="
        },
        {
          "index_key": "spgi-root/spgi-business-units/prod/spgi-mob/vertex-ai",
          "schema_version": 0,
          "attributes": {
            "create_time": "2025-06-04T12:58:37.806Z",
            "display_name": "vertex-ai",
            "folder_id": "851133423759",
            "id": "folders/851133423759",
            "lifecycle_state": "ACTIVE",
            "name": "folders/851133423759",
            "parent": "folders/465779573493",
            "timeouts": null
          },
          "sensitive_attributes": [],
          "identity_schema_version": 0,
          "private": "eyJlMmJmYjczMC1lY2FhLTExZTYtOGY4OC0zNDM2M2JjN2M0YzAiOnsiY3JlYXRlIjoyNDAwMDAwMDAwMDAsImRlbGV0ZSI6MjQwMDAwMDAwMDAwLCJyZWFkIjoyNDAwMDAwMDAwMDAsInVwZGF0ZSI6MjQwMDAwMDAwMDAwfX0="
        },
        {
          "index_key": "spgi-root/spgi-business-units/prod/spgi-ratings/vertex-ai",
          "schema_version": 0,
          "attributes": {
            "create_time": "2025-06-04T12:56:37.530Z",
            "display_name": "vertex-ai",
            "folder_id": "844359381131",
            "id": "folders/844359381131",
            "lifecycle_state": "ACTIVE",
            "name": "folders/844359381131",
            "parent": "folders/482731098164",
            "timeouts": null
          },
          "sensitive_attributes": [],
          "identity_schema_version": 0,
          "private": "eyJlMmJmYjczMC1lY2FhLTExZTYtOGY4OC0zNDM2M2JjN2M0YzAiOnsiY3JlYXRlIjoyNDAwMDAwMDAwMDAsImRlbGV0ZSI6MjQwMDAwMDAwMDAwLCJyZWFkIjoyNDAwMDAwMDAwMDAsInVwZGF0ZSI6MjQwMDAwMDAwMDAwfX0="
        },
        {
          "index_key": "spgi-root/spgi-business-units/prod/spgi-s1/vertex-ai",
          "schema_version": 0,
          "attributes": {
            "create_time": "2025-06-04T12:56:38.532Z",
            "display_name": "vertex-ai",
            "folder_id": "973283704503",
            "id": "folders/973283704503",
            "lifecycle_state": "ACTIVE",
            "name": "folders/973283704503",
            "parent": "folders/628692607608",
            "timeouts": null
          },
          "sensitive_attributes": [],
          "identity_schema_version": 0,
          "private": "eyJlMmJmYjczMC1lY2FhLTExZTYtOGY4OC0zNDM2M2JjN2M0YzAiOnsiY3JlYXRlIjoyNDAwMDAwMDAwMDAsImRlbGV0ZSI6MjQwMDAwMDAwMDAwLCJyZWFkIjoyNDAwMDAwMDAwMDAsInVwZGF0ZSI6MjQwMDAwMDAwMDAwfX0="
        },
        {
          "index_key": "spgi-root/spgi-business-units/prod/spgi-spdji/vertex-ai",
          "schema_version": 0,
          "attributes": {
            "create_time": "2025-06-04T12:57:48.828Z",
            "display_name": "vertex-ai",
            "folder_id": "282660290418",
            "id": "folders/282660290418",
            "lifecycle_state": "ACTIVE",
            "name": "folders/282660290418",
            "parent": "folders/750599070395",
            "timeouts": null
          },
          "sensitive_attributes": [],
          "identity_schema_version": 0,
          "private": "eyJlMmJmYjczMC1lY2FhLTExZTYtOGY4OC0zNDM2M2JjN2M0YzAiOnsiY3JlYXRlIjoyNDAwMDAwMDAwMDAsImRlbGV0ZSI6MjQwMDAwMDAwMDAwLCJyZWFkIjoyNDAwMDAwMDAwMDAsInVwZGF0ZSI6MjQwMDAwMDAwMDAwfX0="
        }
      ]
    },
    {
      "module": "module.folder_hierarchy",
      "mode": "managed",
      "type": "google_tags_tag_binding",
      "name": "bindings",
      "provider": "provider[\"registry.terraform.io/hashicorp/google\"]",
      "instances": [
        {
          "index_key": "spgi-root/Datadog",
          "schema_version": 0,
          "attributes": {
            "id": "tagBindings/%2F%2Fcloudresourcemanager.googleapis.com%2Ffolders%2F289458319251/tagValues/130437003614",
            "name": "%2F%2Fcloudresourcemanager.googleapis.com%2Ffolders%2F289458319251/tagValues/130437003614",
            "parent": "//cloudresourcemanager.googleapis.com/folders/289458319251",
            "tag_value": "tagValues/130437003614",
            "timeouts": null
          },
          "sensitive_attributes": [],
          "identity_schema_version": 0,
          "private": "eyJlMmJmYjczMC1lY2FhLTExZTYtOGY4OC0zNDM2M2JjN2M0YzAiOnsiY3JlYXRlIjoxMjAwMDAwMDAwMDAwLCJkZWxldGUiOjEyMDAwMDAwMDAwMDB9fQ=="
        },
        {
          "index_key": "spgi-root/Environment",
          "schema_version": 0,
          "attributes": {
            "id": "tagBindings/%2F%2Fcloudresourcemanager.googleapis.com%2Ffolders%2F289458319251/tagValues/37120477669",
            "name": "%2F%2Fcloudresourcemanager.googleapis.com%2Ffolders%2F289458319251/tagValues/37120477669",
            "parent": "//cloudresourcemanager.googleapis.com/folders/289458319251",
            "tag_value": "tagValues/37120477669",
            "timeouts": null
          },
          "sensitive_attributes": [],
          "identity_schema_version": 0,
          "private": "eyJlMmJmYjczMC1lY2FhLTExZTYtOGY4OC0zNDM2M2JjN2M0YzAiOnsiY3JlYXRlIjoxMjAwMDAwMDAwMDAwLCJkZWxldGUiOjEyMDAwMDAwMDAwMDB9fQ=="
        },
        {
          "index_key": "spgi-root/MaintenanceWindow",
          "schema_version": 0,
          "attributes": {
            "id": "tagBindings/%2F%2Fcloudresourcemanager.googleapis.com%2Ffolders%2F289458319251/tagValues/588977169522",
            "name": "%2F%2Fcloudresourcemanager.googleapis.com%2Ffolders%2F289458319251/tagValues/588977169522",
            "parent": "//cloudresourcemanager.googleapis.com/folders/289458319251",
            "tag_value": "tagValues/588977169522",
            "timeouts": null
          },
          "sensitive_attributes": [],
          "identity_schema_version": 0,
          "private": "eyJlMmJmYjczMC1lY2FhLTExZTYtOGY4OC0zNDM2M2JjN2M0YzAiOnsiY3JlYXRlIjoxMjAwMDAwMDAwMDAwLCJkZWxldGUiOjEyMDAwMDAwMDAwMDB9fQ=="
        },
        {
          "index_key": "spgi-root/Owner",
          "schema_version": 0,
          "attributes": {
            "id": "tagBindings/%2F%2Fcloudresourcemanager.googleapis.com%2Ffolders%2F289458319251/tagValues/961929547177",
            "name": "%2F%2Fcloudresourcemanager.googleapis.com%2Ffolders%2F289458319251/tagValues/961929547177",
            "parent": "//cloudresourcemanager.googleapis.com/folders/289458319251",
            "tag_value": "tagValues/961929547177",
            "timeouts": null
          },
          "sensitive_attributes": [],
          "identity_schema_version": 0,
          "private": "eyJlMmJmYjczMC1lY2FhLTExZTYtOGY4OC0zNDM2M2JjN2M0YzAiOnsiY3JlYXRlIjoxMjAwMDAwMDAwMDAwLCJkZWxldGUiOjEyMDAwMDAwMDAwMDB9fQ=="
        },
        {
          "index_key": "spgi-root/SupportGroup",
          "schema_version": 0,
          "attributes": {
            "id": "tagBindings/%2F%2Fcloudresourcemanager.googleapis.com%2Ffolders%2F289458319251/tagValues/242734982430",
            "name": "%2F%2Fcloudresourcemanager.googleapis.com%2Ffolders%2F289458319251/tagValues/242734982430",
            "parent": "//cloudresourcemanager.googleapis.com/folders/289458319251",
            "tag_value": "tagValues/242734982430",
            "timeouts": null
          },
          "sensitive_attributes": [],
          "identity_schema_version": 0,
          "private": "eyJlMmJmYjczMC1lY2FhLTExZTYtOGY4OC0zNDM2M2JjN2M0YzAiOnsiY3JlYXRlIjoxMjAwMDAwMDAwMDAwLCJkZWxldGUiOjEyMDAwMDAwMDAwMDB9fQ=="
        },
        {
          "index_key": "spgi-root/UsedFor",
          "schema_version": 0,
          "attributes": {
            "id": "tagBindings/%2F%2Fcloudresourcemanager.googleapis.com%2Ffolders%2F289458319251/tagValues/467695050309",
            "name": "%2F%2Fcloudresourcemanager.googleapis.com%2Ffolders%2F289458319251/tagValues/467695050309",
            "parent": "//cloudresourcemanager.googleapis.com/folders/289458319251",
            "tag_value": "tagValues/467695050309",
            "timeouts": null
          },
          "sensitive_attributes": [],
          "identity_schema_version": 0,
          "private": "eyJlMmJmYjczMC1lY2FhLTExZTYtOGY4OC0zNDM2M2JjN2M0YzAiOnsiY3JlYXRlIjoxMjAwMDAwMDAwMDAwLCJkZWxldGUiOjEyMDAwMDAwMDAwMDB9fQ=="
        },
        {
          "index_key": "spgi-root/spgi-business-units/nonprod/Environment",
          "schema_version": 0,
          "attributes": {
            "id": "tagBindings/%2F%2Fcloudresourcemanager.googleapis.com%2Ffolders%2F234779227130/tagValues/284079814025",
            "name": "%2F%2Fcloudresourcemanager.googleapis.com%2Ffolders%2F234779227130/tagValues/284079814025",
            "parent": "//cloudresourcemanager.googleapis.com/folders/234779227130",
            "tag_value": "tagValues/284079814025",
            "timeouts": null
          },
          "sensitive_attributes": [],
          "identity_schema_version": 0,
          "private": "eyJlMmJmYjczMC1lY2FhLTExZTYtOGY4OC0zNDM2M2JjN2M0YzAiOnsiY3JlYXRlIjoxMjAwMDAwMDAwMDAwLCJkZWxldGUiOjEyMDAwMDAwMDAwMDB9fQ=="
        },
        {
          "index_key": "spgi-root/spgi-business-units/poc/Environment",
          "schema_version": 0,
          "attributes": {
            "id": "tagBindings/%2F%2Fcloudresourcemanager.googleapis.com%2Ffolders%2F40260066877/tagValues/506650283919",
            "name": "%2F%2Fcloudresourcemanager.googleapis.com%2Ffolders%2F40260066877/tagValues/506650283919",
            "parent": "//cloudresourcemanager.googleapis.com/folders/40260066877",
            "tag_value": "tagValues/506650283919",
            "timeouts": null
          },
          "sensitive_attributes": [],
          "identity_schema_version": 0,
          "private": "eyJlMmJmYjczMC1lY2FhLTExZTYtOGY4OC0zNDM2M2JjN2M0YzAiOnsiY3JlYXRlIjoxMjAwMDAwMDAwMDAwLCJkZWxldGUiOjEyMDAwMDAwMDAwMDB9fQ=="
        },
        {
          "index_key": "spgi-root/spgi-business-units/prod/Environment",
          "schema_version": 0,
          "attributes": {
            "id": "tagBindings/%2F%2Fcloudresourcemanager.googleapis.com%2Ffolders%2F383506668477/tagValues/934935871427",
            "name": "%2F%2Fcloudresourcemanager.googleapis.com%2Ffolders%2F383506668477/tagValues/934935871427",
            "parent": "//cloudresourcemanager.googleapis.com/folders/383506668477",
            "tag_value": "tagValues/934935871427",
            "timeouts": null
          },
          "sensitive_attributes": [],
          "identity_schema_version": 0,
          "private": "eyJlMmJmYjczMC1lY2FhLTExZTYtOGY4OC0zNDM2M2JjN2M0YzAiOnsiY3JlYXRlIjoxMjAwMDAwMDAwMDAwLCJkZWxldGUiOjEyMDAwMDAwMDAwMDB9fQ=="
        },
        {
          "index_key": "spgi-root/spgi-business-units/nonprod/spgi-ci/Owner",
          "schema_version": 0,
          "attributes": {
            "id": "tagBindings/%2F%2Fcloudresourcemanager.googleapis.com%2Ffolders%2F707274128841/tagValues/692411275304",
            "name": "%2F%2Fcloudresourcemanager.googleapis.com%2Ffolders%2F707274128841/tagValues/692411275304",
            "parent": "//cloudresourcemanager.googleapis.com/folders/707274128841",
            "tag_value": "tagValues/692411275304",
            "timeouts": null
          },
          "sensitive_attributes": [],
          "identity_schema_version": 0,
          "private": "eyJlMmJmYjczMC1lY2FhLTExZTYtOGY4OC0zNDM2M2JjN2M0YzAiOnsiY3JlYXRlIjoxMjAwMDAwMDAwMDAwLCJkZWxldGUiOjEyMDAwMDAwMDAwMDB9fQ=="
        },
        {
          "index_key": "spgi-root/spgi-business-units/nonprod/spgi-corp/Owner",
          "schema_version": 0,
          "attributes": {
            "id": "tagBindings/%2F%2Fcloudresourcemanager.googleapis.com%2Ffolders%2F5805672426/tagValues/1014683773358",
            "name": "%2F%2Fcloudresourcemanager.googleapis.com%2Ffolders%2F5805672426/tagValues/1014683773358",
            "parent": "//cloudresourcemanager.googleapis.com/folders/5805672426",
            "tag_value": "tagValues/1014683773358",
            "timeouts": null
          },
          "sensitive_attributes": [],
          "identity_schema_version": 0,
          "private": "eyJlMmJmYjczMC1lY2FhLTExZTYtOGY4OC0zNDM2M2JjN2M0YzAiOnsiY3JlYXRlIjoxMjAwMDAwMDAwMDAwLCJkZWxldGUiOjEyMDAwMDAwMDAwMDB9fQ=="
        },
        {
          "index_key": "spgi-root/spgi-business-units/nonprod/spgi-edo/Owner",
          "schema_version": 0,
          "attributes": {
            "id": "tagBindings/%2F%2Fcloudresourcemanager.googleapis.com%2Ffolders%2F694569146097/tagValues/281480329892814",
            "name": "%2F%2Fcloudresourcemanager.googleapis.com%2Ffolders%2F694569146097/tagValues/281480329892814",
            "parent": "//cloudresourcemanager.googleapis.com/folders/694569146097",
            "tag_value": "tagValues/281480329892814",
            "timeouts": null
          },
          "sensitive_attributes": [],
          "identity_schema_version": 0,
          "private": "eyJlMmJmYjczMC1lY2FhLTExZTYtOGY4OC0zNDM2M2JjN2M0YzAiOnsiY3JlYXRlIjoxMjAwMDAwMDAwMDAwLCJkZWxldGUiOjEyMDAwMDAwMDAwMDB9fQ=="
        },
        {
          "index_key": "spgi-root/spgi-business-units/nonprod/spgi-kensho/Owner",
          "schema_version": 0,
          "attributes": {
            "id": "tagBindings/%2F%2Fcloudresourcemanager.googleapis.com%2Ffolders%2F646131917715/tagValues/281475892159875",
            "name": "%2F%2Fcloudresourcemanager.googleapis.com%2Ffolders%2F646131917715/tagValues/281475892159875",
            "parent": "//cloudresourcemanager.googleapis.com/folders/646131917715",
            "tag_value": "tagValues/281475892159875",
            "timeouts": null
          },
          "sensitive_attributes": [],
          "identity_schema_version": 0,
          "private": "eyJlMmJmYjczMC1lY2FhLTExZTYtOGY4OC0zNDM2M2JjN2M0YzAiOnsiY3JlYXRlIjoxMjAwMDAwMDAwMDAwLCJkZWxldGUiOjEyMDAwMDAwMDAwMDB9fQ=="
        },
        {
          "index_key": "spgi-root/spgi-business-units/nonprod/spgi-mi/Owner",
          "schema_version": 0,
          "attributes": {
            "id": "tagBindings/%2F%2Fcloudresourcemanager.googleapis.com%2Ffolders%2F847567167163/tagValues/562065557816",
            "name": "%2F%2Fcloudresourcemanager.googleapis.com%2Ffolders%2F847567167163/tagValues/562065557816",
            "parent": "//cloudresourcemanager.googleapis.com/folders/847567167163",
            "tag_value": "tagValues/562065557816",
            "timeouts": null
          },
          "sensitive_attributes": [],
          "identity_schema_version": 0,
          "private": "eyJlMmJmYjczMC1lY2FhLTExZTYtOGY4OC0zNDM2M2JjN2M0YzAiOnsiY3JlYXRlIjoxMjAwMDAwMDAwMDAwLCJkZWxldGUiOjEyMDAwMDAwMDAwMDB9fQ=="
        },
        {
          "index_key": "spgi-root/spgi-business-units/nonprod/spgi-mob/Owner",
          "schema_version": 0,
          "attributes": {
            "id": "tagBindings/%2F%2Fcloudresourcemanager.googleapis.com%2Ffolders%2F811880285898/tagValues/281476893909577",
            "name": "%2F%2Fcloudresourcemanager.googleapis.com%2Ffolders%2F811880285898/tagValues/281476893909577",
            "parent": "//cloudresourcemanager.googleapis.com/folders/811880285898",
            "tag_value": "tagValues/281476893909577",
            "timeouts": null
          },
          "sensitive_attributes": [],
          "identity_schema_version": 0,
          "private": "eyJlMmJmYjczMC1lY2FhLTExZTYtOGY4OC0zNDM2M2JjN2M0YzAiOnsiY3JlYXRlIjoxMjAwMDAwMDAwMDAwLCJkZWxldGUiOjEyMDAwMDAwMDAwMDB9fQ=="
        },
        {
          "index_key": "spgi-root/spgi-business-units/nonprod/spgi-ratings/Owner",
          "schema_version": 0,
          "attributes": {
            "id": "tagBindings/%2F%2Fcloudresourcemanager.googleapis.com%2Ffolders%2F156329914911/tagValues/281475839744207",
            "name": "%2F%2Fcloudresourcemanager.googleapis.com%2Ffolders%2F156329914911/tagValues/281475839744207",
            "parent": "//cloudresourcemanager.googleapis.com/folders/156329914911",
            "tag_value": "tagValues/281475839744207",
            "timeouts": null
          },
          "sensitive_attributes": [],
          "identity_schema_version": 0,
          "private": "eyJlMmJmYjczMC1lY2FhLTExZTYtOGY4OC0zNDM2M2JjN2M0YzAiOnsiY3JlYXRlIjoxMjAwMDAwMDAwMDAwLCJkZWxldGUiOjEyMDAwMDAwMDAwMDB9fQ=="
        },
        {
          "index_key": "spgi-root/spgi-business-units/nonprod/spgi-s1/Owner",
          "schema_version": 0,
          "attributes": {
            "id": "tagBindings/%2F%2Fcloudresourcemanager.googleapis.com%2Ffolders%2F116330344570/tagValues/281479964701102",
            "name": "%2F%2Fcloudresourcemanager.googleapis.com%2Ffolders%2F116330344570/tagValues/281479964701102",
            "parent": "//cloudresourcemanager.googleapis.com/folders/116330344570",
            "tag_value": "tagValues/281479964701102",
            "timeouts": null
          },
          "sensitive_attributes": [],
          "identity_schema_version": 0,
          "private": "eyJlMmJmYjczMC1lY2FhLTExZTYtOGY4OC0zNDM2M2JjN2M0YzAiOnsiY3JlYXRlIjoxMjAwMDAwMDAwMDAwLCJkZWxldGUiOjEyMDAwMDAwMDAwMDB9fQ=="
        },
        {
          "index_key": "spgi-root/spgi-business-units/nonprod/spgi-spdji/Owner",
          "schema_version": 0,
          "attributes": {
            "id": "tagBindings/%2F%2Fcloudresourcemanager.googleapis.com%2Ffolders%2F668723199609/tagValues/281483379864437",
            "name": "%2F%2Fcloudresourcemanager.googleapis.com%2Ffolders%2F668723199609/tagValues/281483379864437",
            "parent": "//cloudresourcemanager.googleapis.com/folders/668723199609",
            "tag_value": "tagValues/281483379864437",
            "timeouts": null
          },
          "sensitive_attributes": [],
          "identity_schema_version": 0,
          "private": "eyJlMmJmYjczMC1lY2FhLTExZTYtOGY4OC0zNDM2M2JjN2M0YzAiOnsiY3JlYXRlIjoxMjAwMDAwMDAwMDAwLCJkZWxldGUiOjEyMDAwMDAwMDAwMDB9fQ=="
        },
        {
          "index_key": "spgi-root/spgi-business-units/poc/spgi-ci/Owner",
          "schema_version": 0,
          "attributes": {
            "id": "tagBindings/%2F%2Fcloudresourcemanager.googleapis.com%2Ffolders%2F1032600405351/tagValues/692411275304",
            "name": "%2F%2Fcloudresourcemanager.googleapis.com%2Ffolders%2F1032600405351/tagValues/692411275304",
            "parent": "//cloudresourcemanager.googleapis.com/folders/1032600405351",
            "tag_value": "tagValues/692411275304",
            "timeouts": null
          },
          "sensitive_attributes": [],
          "identity_schema_version": 0,
          "private": "eyJlMmJmYjczMC1lY2FhLTExZTYtOGY4OC0zNDM2M2JjN2M0YzAiOnsiY3JlYXRlIjoxMjAwMDAwMDAwMDAwLCJkZWxldGUiOjEyMDAwMDAwMDAwMDB9fQ=="
        },
        {
          "index_key": "spgi-root/spgi-business-units/poc/spgi-corp/Owner",
          "schema_version": 0,
          "attributes": {
            "id": "tagBindings/%2F%2Fcloudresourcemanager.googleapis.com%2Ffolders%2F847130462870/tagValues/1014683773358",
            "name": "%2F%2Fcloudresourcemanager.googleapis.com%2Ffolders%2F847130462870/tagValues/1014683773358",
            "parent": "//cloudresourcemanager.googleapis.com/folders/847130462870",
            "tag_value": "tagValues/1014683773358",
            "timeouts": null
          },
          "sensitive_attributes": [],
          "identity_schema_version": 0,
          "private": "eyJlMmJmYjczMC1lY2FhLTExZTYtOGY4OC0zNDM2M2JjN2M0YzAiOnsiY3JlYXRlIjoxMjAwMDAwMDAwMDAwLCJkZWxldGUiOjEyMDAwMDAwMDAwMDB9fQ=="
        },
        {
          "index_key": "spgi-root/spgi-business-units/poc/spgi-edo/Owner",
          "schema_version": 0,
          "attributes": {
            "id": "tagBindings/%2F%2Fcloudresourcemanager.googleapis.com%2Ffolders%2F899251527089/tagValues/281480329892814",
            "name": "%2F%2Fcloudresourcemanager.googleapis.com%2Ffolders%2F899251527089/tagValues/281480329892814",
            "parent": "//cloudresourcemanager.googleapis.com/folders/899251527089",
            "tag_value": "tagValues/281480329892814",
            "timeouts": null
          },
          "sensitive_attributes": [],
          "identity_schema_version": 0,
          "private": "eyJlMmJmYjczMC1lY2FhLTExZTYtOGY4OC0zNDM2M2JjN2M0YzAiOnsiY3JlYXRlIjoxMjAwMDAwMDAwMDAwLCJkZWxldGUiOjEyMDAwMDAwMDAwMDB9fQ=="
        },
        {
          "index_key": "spgi-root/spgi-business-units/poc/spgi-kensho/Owner",
          "schema_version": 0,
          "attributes": {
            "id": "tagBindings/%2F%2Fcloudresourcemanager.googleapis.com%2Ffolders%2F698472863667/tagValues/281475892159875",
            "name": "%2F%2Fcloudresourcemanager.googleapis.com%2Ffolders%2F698472863667/tagValues/281475892159875",
            "parent": "//cloudresourcemanager.googleapis.com/folders/698472863667",
            "tag_value": "tagValues/281475892159875",
            "timeouts": null
          },
          "sensitive_attributes": [],
          "identity_schema_version": 0,
          "private": "eyJlMmJmYjczMC1lY2FhLTExZTYtOGY4OC0zNDM2M2JjN2M0YzAiOnsiY3JlYXRlIjoxMjAwMDAwMDAwMDAwLCJkZWxldGUiOjEyMDAwMDAwMDAwMDB9fQ=="
        },
        {
          "index_key": "spgi-root/spgi-business-units/poc/spgi-mi/Owner",
          "schema_version": 0,
          "attributes": {
            "id": "tagBindings/%2F%2Fcloudresourcemanager.googleapis.com%2Ffolders%2F285256815659/tagValues/562065557816",
            "name": "%2F%2Fcloudresourcemanager.googleapis.com%2Ffolders%2F285256815659/tagValues/562065557816",
            "parent": "//cloudresourcemanager.googleapis.com/folders/285256815659",
            "tag_value": "tagValues/562065557816",
            "timeouts": null
          },
          "sensitive_attributes": [],
          "identity_schema_version": 0,
          "private": "eyJlMmJmYjczMC1lY2FhLTExZTYtOGY4OC0zNDM2M2JjN2M0YzAiOnsiY3JlYXRlIjoxMjAwMDAwMDAwMDAwLCJkZWxldGUiOjEyMDAwMDAwMDAwMDB9fQ=="
        },
        {
          "index_key": "spgi-root/spgi-business-units/poc/spgi-mob/Owner",
          "schema_version": 0,
          "attributes": {
            "id": "tagBindings/%2F%2Fcloudresourcemanager.googleapis.com%2Ffolders%2F519625728622/tagValues/281476893909577",
            "name": "%2F%2Fcloudresourcemanager.googleapis.com%2Ffolders%2F519625728622/tagValues/281476893909577",
            "parent": "//cloudresourcemanager.googleapis.com/folders/519625728622",
            "tag_value": "tagValues/281476893909577",
            "timeouts": null
          },
          "sensitive_attributes": [],
          "identity_schema_version": 0,
          "private": "eyJlMmJmYjczMC1lY2FhLTExZTYtOGY4OC0zNDM2M2JjN2M0YzAiOnsiY3JlYXRlIjoxMjAwMDAwMDAwMDAwLCJkZWxldGUiOjEyMDAwMDAwMDAwMDB9fQ=="
        },
        {
          "index_key": "spgi-root/spgi-business-units/poc/spgi-ratings/Owner",
          "schema_version": 0,
          "attributes": {
            "id": "tagBindings/%2F%2Fcloudresourcemanager.googleapis.com%2Ffolders%2F481975486571/tagValues/281475839744207",
            "name": "%2F%2Fcloudresourcemanager.googleapis.com%2Ffolders%2F481975486571/tagValues/281475839744207",
            "parent": "//cloudresourcemanager.googleapis.com/folders/481975486571",
            "tag_value": "tagValues/281475839744207",
            "timeouts": null
          },
          "sensitive_attributes": [],
          "identity_schema_version": 0,
          "private": "eyJlMmJmYjczMC1lY2FhLTExZTYtOGY4OC0zNDM2M2JjN2M0YzAiOnsiY3JlYXRlIjoxMjAwMDAwMDAwMDAwLCJkZWxldGUiOjEyMDAwMDAwMDAwMDB9fQ=="
        },
        {
          "index_key": "spgi-root/spgi-business-units/poc/spgi-s1/Owner",
          "schema_version": 0,
          "attributes": {
            "id": "tagBindings/%2F%2Fcloudresourcemanager.googleapis.com%2Ffolders%2F177328080206/tagValues/281479964701102",
            "name": "%2F%2Fcloudresourcemanager.googleapis.com%2Ffolders%2F177328080206/tagValues/281479964701102",
            "parent": "//cloudresourcemanager.googleapis.com/folders/177328080206",
            "tag_value": "tagValues/281479964701102",
            "timeouts": null
          },
          "sensitive_attributes": [],
          "identity_schema_version": 0,
          "private": "eyJlMmJmYjczMC1lY2FhLTExZTYtOGY4OC0zNDM2M2JjN2M0YzAiOnsiY3JlYXRlIjoxMjAwMDAwMDAwMDAwLCJkZWxldGUiOjEyMDAwMDAwMDAwMDB9fQ=="
        },
        {
          "index_key": "spgi-root/spgi-business-units/poc/spgi-spdji/Owner",
          "schema_version": 0,
          "attributes": {
            "id": "tagBindings/%2F%2Fcloudresourcemanager.googleapis.com%2Ffolders%2F86345509003/tagValues/281483379864437",
            "name": "%2F%2Fcloudresourcemanager.googleapis.com%2Ffolders%2F86345509003/tagValues/281483379864437",
            "parent": "//cloudresourcemanager.googleapis.com/folders/86345509003",
            "tag_value": "tagValues/281483379864437",
            "timeouts": null
          },
          "sensitive_attributes": [],
          "identity_schema_version": 0,
          "private": "eyJlMmJmYjczMC1lY2FhLTExZTYtOGY4OC0zNDM2M2JjN2M0YzAiOnsiY3JlYXRlIjoxMjAwMDAwMDAwMDAwLCJkZWxldGUiOjEyMDAwMDAwMDAwMDB9fQ=="
        },
        {
          "index_key": "spgi-root/spgi-business-units/prod/spgi-ci/Owner",
          "schema_version": 0,
          "attributes": {
            "id": "tagBindings/%2F%2Fcloudresourcemanager.googleapis.com%2Ffolders%2F668234456036/tagValues/692411275304",
            "name": "%2F%2Fcloudresourcemanager.googleapis.com%2Ffolders%2F668234456036/tagValues/692411275304",
            "parent": "//cloudresourcemanager.googleapis.com/folders/668234456036",
            "tag_value": "tagValues/692411275304",
            "timeouts": null
          },
          "sensitive_attributes": [],
          "identity_schema_version": 0,
          "private": "eyJlMmJmYjczMC1lY2FhLTExZTYtOGY4OC0zNDM2M2JjN2M0YzAiOnsiY3JlYXRlIjoxMjAwMDAwMDAwMDAwLCJkZWxldGUiOjEyMDAwMDAwMDAwMDB9fQ=="
        },
        {
          "index_key": "spgi-root/spgi-business-units/prod/spgi-corp/Owner",
          "schema_version": 0,
          "attributes": {
            "id": "tagBindings/%2F%2Fcloudresourcemanager.googleapis.com%2Ffolders%2F353892066868/tagValues/1014683773358",
            "name": "%2F%2Fcloudresourcemanager.googleapis.com%2Ffolders%2F353892066868/tagValues/1014683773358",
            "parent": "//cloudresourcemanager.googleapis.com/folders/353892066868",
            "tag_value": "tagValues/1014683773358",
            "timeouts": null
          },
          "sensitive_attributes": [],
          "identity_schema_version": 0,
          "private": "eyJlMmJmYjczMC1lY2FhLTExZTYtOGY4OC0zNDM2M2JjN2M0YzAiOnsiY3JlYXRlIjoxMjAwMDAwMDAwMDAwLCJkZWxldGUiOjEyMDAwMDAwMDAwMDB9fQ=="
        },
        {
          "index_key": "spgi-root/spgi-business-units/prod/spgi-edo/Owner",
          "schema_version": 0,
          "attributes": {
            "id": "tagBindings/%2F%2Fcloudresourcemanager.googleapis.com%2Ffolders%2F66270927025/tagValues/281480329892814",
            "name": "%2F%2Fcloudresourcemanager.googleapis.com%2Ffolders%2F66270927025/tagValues/281480329892814",
            "parent": "//cloudresourcemanager.googleapis.com/folders/66270927025",
            "tag_value": "tagValues/281480329892814",
            "timeouts": null
          },
          "sensitive_attributes": [],
          "identity_schema_version": 0,
          "private": "eyJlMmJmYjczMC1lY2FhLTExZTYtOGY4OC0zNDM2M2JjN2M0YzAiOnsiY3JlYXRlIjoxMjAwMDAwMDAwMDAwLCJkZWxldGUiOjEyMDAwMDAwMDAwMDB9fQ=="
        },
        {
          "index_key": "spgi-root/spgi-business-units/prod/spgi-kensho/Owner",
          "schema_version": 0,
          "attributes": {
            "id": "tagBindings/%2F%2Fcloudresourcemanager.googleapis.com%2Ffolders%2F25357316982/tagValues/281475892159875",
            "name": "%2F%2Fcloudresourcemanager.googleapis.com%2Ffolders%2F25357316982/tagValues/281475892159875",
            "parent": "//cloudresourcemanager.googleapis.com/folders/25357316982",
            "tag_value": "tagValues/281475892159875",
            "timeouts": null
          },
          "sensitive_attributes": [],
          "identity_schema_version": 0,
          "private": "eyJlMmJmYjczMC1lY2FhLTExZTYtOGY4OC0zNDM2M2JjN2M0YzAiOnsiY3JlYXRlIjoxMjAwMDAwMDAwMDAwLCJkZWxldGUiOjEyMDAwMDAwMDAwMDB9fQ=="
        },
        {
          "index_key": "spgi-root/spgi-business-units/prod/spgi-mi/Owner",
          "schema_version": 0,
          "attributes": {
            "id": "tagBindings/%2F%2Fcloudresourcemanager.googleapis.com%2Ffolders%2F141708123759/tagValues/562065557816",
            "name": "%2F%2Fcloudresourcemanager.googleapis.com%2Ffolders%2F141708123759/tagValues/562065557816",
            "parent": "//cloudresourcemanager.googleapis.com/folders/141708123759",
            "tag_value": "tagValues/562065557816",
            "timeouts": null
          },
          "sensitive_attributes": [],
          "identity_schema_version": 0,
          "private": "eyJlMmJmYjczMC1lY2FhLTExZTYtOGY4OC0zNDM2M2JjN2M0YzAiOnsiY3JlYXRlIjoxMjAwMDAwMDAwMDAwLCJkZWxldGUiOjEyMDAwMDAwMDAwMDB9fQ=="
        },
        {
          "index_key": "spgi-root/spgi-business-units/prod/spgi-mob/Owner",
          "schema_version": 0,
          "attributes": {
            "id": "tagBindings/%2F%2Fcloudresourcemanager.googleapis.com%2Ffolders%2F465779573493/tagValues/281476893909577",
            "name": "%2F%2Fcloudresourcemanager.googleapis.com%2Ffolders%2F465779573493/tagValues/281476893909577",
            "parent": "//cloudresourcemanager.googleapis.com/folders/465779573493",
            "tag_value": "tagValues/281476893909577",
            "timeouts": null
          },
          "sensitive_attributes": [],
          "identity_schema_version": 0,
          "private": "eyJlMmJmYjczMC1lY2FhLTExZTYtOGY4OC0zNDM2M2JjN2M0YzAiOnsiY3JlYXRlIjoxMjAwMDAwMDAwMDAwLCJkZWxldGUiOjEyMDAwMDAwMDAwMDB9fQ=="
        },
        {
          "index_key": "spgi-root/spgi-business-units/prod/spgi-ratings/Owner",
          "schema_version": 0,
          "attributes": {
            "id": "tagBindings/%2F%2Fcloudresourcemanager.googleapis.com%2Ffolders%2F482731098164/tagValues/281475839744207",
            "name": "%2F%2Fcloudresourcemanager.googleapis.com%2Ffolders%2F482731098164/tagValues/281475839744207",
            "parent": "//cloudresourcemanager.googleapis.com/folders/482731098164",
            "tag_value": "tagValues/281475839744207",
            "timeouts": null
          },
          "sensitive_attributes": [],
          "identity_schema_version": 0,
          "private": "eyJlMmJmYjczMC1lY2FhLTExZTYtOGY4OC0zNDM2M2JjN2M0YzAiOnsiY3JlYXRlIjoxMjAwMDAwMDAwMDAwLCJkZWxldGUiOjEyMDAwMDAwMDAwMDB9fQ=="
        },
        {
          "index_key": "spgi-root/spgi-business-units/prod/spgi-s1/Owner",
          "schema_version": 0,
          "attributes": {
            "id": "tagBindings/%2F%2Fcloudresourcemanager.googleapis.com%2Ffolders%2F628692607608/tagValues/281479964701102",
            "name": "%2F%2Fcloudresourcemanager.googleapis.com%2Ffolders%2F628692607608/tagValues/281479964701102",
            "parent": "//cloudresourcemanager.googleapis.com/folders/628692607608",
            "tag_value": "tagValues/281479964701102",
            "timeouts": null
          },
          "sensitive_attributes": [],
          "identity_schema_version": 0,
          "private": "eyJlMmJmYjczMC1lY2FhLTExZTYtOGY4OC0zNDM2M2JjN2M0YzAiOnsiY3JlYXRlIjoxMjAwMDAwMDAwMDAwLCJkZWxldGUiOjEyMDAwMDAwMDAwMDB9fQ=="
        },
        {
          "index_key": "spgi-root/spgi-business-units/prod/spgi-spdji/Owner",
          "schema_version": 0,
          "attributes": {
            "id": "tagBindings/%2F%2Fcloudresourcemanager.googleapis.com%2Ffolders%2F750599070395/tagValues/281483379864437",
            "name": "%2F%2Fcloudresourcemanager.googleapis.com%2Ffolders%2F750599070395/tagValues/281483379864437",
            "parent": "//cloudresourcemanager.googleapis.com/folders/750599070395",
            "tag_value": "tagValues/281483379864437",
            "timeouts": null
          },
          "sensitive_attributes": [],
          "identity_schema_version": 0,
          "private": "eyJlMmJmYjczMC1lY2FhLTExZTYtOGY4OC0zNDM2M2JjN2M0YzAiOnsiY3JlYXRlIjoxMjAwMDAwMDAwMDAwLCJkZWxldGUiOjEyMDAwMDAwMDAwMDB9fQ=="
        },
        {
          "index_key": "spgi-root/spgi-ess/nonprod/Environment",
          "schema_version": 0,
          "attributes": {
            "id": "tagBindings/%2F%2Fcloudresourcemanager.googleapis.com%2Ffolders%2F506239018180/tagValues/284079814025",
            "name": "%2F%2Fcloudresourcemanager.googleapis.com%2Ffolders%2F506239018180/tagValues/284079814025",
            "parent": "//cloudresourcemanager.googleapis.com/folders/506239018180",
            "tag_value": "tagValues/284079814025",
            "timeouts": null
          },
          "sensitive_attributes": [],
          "identity_schema_version": 0,
          "private": "eyJlMmJmYjczMC1lY2FhLTExZTYtOGY4OC0zNDM2M2JjN2M0YzAiOnsiY3JlYXRlIjoxMjAwMDAwMDAwMDAwLCJkZWxldGUiOjEyMDAwMDAwMDAwMDB9fQ=="
        },
        {
          "index_key": "spgi-root/spgi-ess/prod/Owner",
          "schema_version": 0,
          "attributes": {
            "id": "tagBindings/%2F%2Fcloudresourcemanager.googleapis.com%2Ffolders%2F107677334636/tagValues/391436972009",
            "name": "%2F%2Fcloudresourcemanager.googleapis.com%2Ffolders%2F107677334636/tagValues/391436972009",
            "parent": "//cloudresourcemanager.googleapis.com/folders/107677334636",
            "tag_value": "tagValues/391436972009",
            "timeouts": null
          },
          "sensitive_attributes": [],
          "identity_schema_version": 0,
          "private": "eyJlMmJmYjczMC1lY2FhLTExZTYtOGY4OC0zNDM2M2JjN2M0YzAiOnsiY3JlYXRlIjoxMjAwMDAwMDAwMDAwLCJkZWxldGUiOjEyMDAwMDAwMDAwMDB9fQ=="
        },
        {
          "index_key": "spgi-root/spgi-ess/nonprod/shared-network/Environment",
          "schema_version": 0,
          "attributes": {
            "id": "tagBindings/%2F%2Fcloudresourcemanager.googleapis.com%2Ffolders%2F288344041660/tagValues/284079814025",
            "name": "%2F%2Fcloudresourcemanager.googleapis.com%2Ffolders%2F288344041660/tagValues/284079814025",
            "parent": "//cloudresourcemanager.googleapis.com/folders/288344041660",
            "tag_value": "tagValues/284079814025",
            "timeouts": null
          },
          "sensitive_attributes": [],
          "identity_schema_version": 0,
          "private": "eyJlMmJmYjczMC1lY2FhLTExZTYtOGY4OC0zNDM2M2JjN2M0YzAiOnsiY3JlYXRlIjoxMjAwMDAwMDAwMDAwLCJkZWxldGUiOjEyMDAwMDAwMDAwMDB9fQ=="
        },
        {
          "index_key": "spgi-root/spgi-ess/nonprod/shared-network/Owner",
          "schema_version": 0,
          "attributes": {
            "id": "tagBindings/%2F%2Fcloudresourcemanager.googleapis.com%2Ffolders%2F288344041660/tagValues/391436972009",
            "name": "%2F%2Fcloudresourcemanager.googleapis.com%2Ffolders%2F288344041660/tagValues/391436972009",
            "parent": "//cloudresourcemanager.googleapis.com/folders/288344041660",
            "tag_value": "tagValues/391436972009",
            "timeouts": null
          },
          "sensitive_attributes": [],
          "identity_schema_version": 0,
          "private": "eyJlMmJmYjczMC1lY2FhLTExZTYtOGY4OC0zNDM2M2JjN2M0YzAiOnsiY3JlYXRlIjoxMjAwMDAwMDAwMDAwLCJkZWxldGUiOjEyMDAwMDAwMDAwMDB9fQ=="
        },
        {
          "index_key": "spgi-root/spgi-ess/prod/Environment",
          "schema_version": 0,
          "attributes": {
            "id": "tagBindings/%2F%2Fcloudresourcemanager.googleapis.com%2Ffolders%2F107677334636/tagValues/934935871427",
            "name": "%2F%2Fcloudresourcemanager.googleapis.com%2Ffolders%2F107677334636/tagValues/934935871427",
            "parent": "//cloudresourcemanager.googleapis.com/folders/107677334636",
            "tag_value": "tagValues/934935871427",
            "timeouts": null
          },
          "sensitive_attributes": [],
          "identity_schema_version": 0,
          "private": "eyJlMmJmYjczMC1lY2FhLTExZTYtOGY4OC0zNDM2M2JjN2M0YzAiOnsiY3JlYXRlIjoxMjAwMDAwMDAwMDAwLCJkZWxldGUiOjEyMDAwMDAwMDAwMDB9fQ=="
        },
        {
          "index_key": "spgi-root/spgi-ess/nonprod/Owner",
          "schema_version": 0,
          "attributes": {
            "id": "tagBindings/%2F%2Fcloudresourcemanager.googleapis.com%2Ffolders%2F506239018180/tagValues/391436972009",
            "name": "%2F%2Fcloudresourcemanager.googleapis.com%2Ffolders%2F506239018180/tagValues/391436972009",
            "parent": "//cloudresourcemanager.googleapis.com/folders/506239018180",
            "tag_value": "tagValues/391436972009",
            "timeouts": null
          },
          "sensitive_attributes": [],
          "identity_schema_version": 0,
          "private": "eyJlMmJmYjczMC1lY2FhLTExZTYtOGY4OC0zNDM2M2JjN2M0YzAiOnsiY3JlYXRlIjoxMjAwMDAwMDAwMDAwLCJkZWxldGUiOjEyMDAwMDAwMDAwMDB9fQ=="
        },
        {
          "index_key": "spgi-root/spgi-ess/prod/shared-network/Environment",
          "schema_version": 0,
          "attributes": {
            "id": "tagBindings/%2F%2Fcloudresourcemanager.googleapis.com%2Ffolders%2F1068392187507/tagValues/934935871427",
            "name": "%2F%2Fcloudresourcemanager.googleapis.com%2Ffolders%2F1068392187507/tagValues/934935871427",
            "parent": "//cloudresourcemanager.googleapis.com/folders/1068392187507",
            "tag_value": "tagValues/934935871427",
            "timeouts": null
          },
          "sensitive_attributes": [],
          "identity_schema_version": 0,
          "private": "eyJlMmJmYjczMC1lY2FhLTExZTYtOGY4OC0zNDM2M2JjN2M0YzAiOnsiY3JlYXRlIjoxMjAwMDAwMDAwMDAwLCJkZWxldGUiOjEyMDAwMDAwMDAwMDB9fQ=="
        },
        {
          "index_key": "spgi-root/spgi-ess/prod/shared-network/Owner",
          "schema_version": 0,
          "attributes": {
            "id": "tagBindings/%2F%2Fcloudresourcemanager.googleapis.com%2Ffolders%2F1068392187507/tagValues/391436972009",
            "name": "%2F%2Fcloudresourcemanager.googleapis.com%2Ffolders%2F1068392187507/tagValues/391436972009",
            "parent": "//cloudresourcemanager.googleapis.com/folders/1068392187507",
            "tag_value": "tagValues/391436972009",
            "timeouts": null
          },
          "sensitive_attributes": [],
          "identity_schema_version": 0,
          "private": "eyJlMmJmYjczMC1lY2FhLTExZTYtOGY4OC0zNDM2M2JjN2M0YzAiOnsiY3JlYXRlIjoxMjAwMDAwMDAwMDAwLCJkZWxldGUiOjEyMDAwMDAwMDAwMDB9fQ=="
        }
      ]
    }
  ],
  "check_results": null
}
